// !$*UTF8*$!
{
	archiveVersion = 1;
	classes = {
	};
	objectVersion = 56;
	objects = {

/* Begin PBXBuildFile section */
		060399962BB8836E00A6E818 /* AlertToast in Frameworks */ = {isa = PBXBuildFile; productRef = 060399952BB8836E00A6E818 /* AlertToast */; };
		0617D0722F22B8F200E6480C /* TagColorPicker.swift in Sources */ = {isa = PBXBuildFile; fileRef = 0617D0712F22B8F200E6480C /* TagColorPicker.swift */; };
		0617D0732F22B8F200E6480C /* TagColorPicker.swift in Sources */ = {isa = PBXBuildFile; fileRef = 0617D0712F22B8F200E6480C /* TagColorPicker.swift */; };
		0617D0752F22B90300E6480C /* TagColorIndicator.swift in Sources */ = {isa = PBXBuildFile; fileRef = 0617D0742F22B90300E6480C /* TagColorIndicator.swift */; };
		0617D0762F22B90300E6480C /* TagColorIndicator.swift in Sources */ = {isa = PBXBuildFile; fileRef = 0617D0742F22B90300E6480C /* TagColorIndicator.swift */; };
		061ED3CE2BC43611006A6E47 /* Biometrics.swift in Sources */ = {isa = PBXBuildFile; fileRef = 061ED3CD2BC43611006A6E47 /* Biometrics.swift */; };
		061ED3CF2BC44384006A6E47 /* Biometrics.swift in Sources */ = {isa = PBXBuildFile; fileRef = 061ED3CD2BC43611006A6E47 /* Biometrics.swift */; };
		0627678B2BBCDE3000B3993B /* SettingsViewModel.swift in Sources */ = {isa = PBXBuildFile; fileRef = 06AE130F2BBB0B61008EAE98 /* SettingsViewModel.swift */; };
		0630BC0E2C6E747100E8493B /* SnippetContentForm.swift in Sources */ = {isa = PBXBuildFile; fileRef = 0630BC0D2C6E747100E8493B /* SnippetContentForm.swift */; };
		0630BC102C6E89D700E8493B /* SnippetContentViewDisplay.swift in Sources */ = {isa = PBXBuildFile; fileRef = 0630BC0F2C6E89D700E8493B /* SnippetContentViewDisplay.swift */; };
		063E4EAE2C757C5B000DAF1F /* EditTagView.swift in Sources */ = {isa = PBXBuildFile; fileRef = 063E4EAD2C757C5B000DAF1F /* EditTagView.swift */; };
		064D8A122BDC1E3200B9B65F /* SwiftUIMasonry in Frameworks */ = {isa = PBXBuildFile; productRef = 064D8A112BDC1E3200B9B65F /* SwiftUIMasonry */; };
		064D8A142BDC1F0100B9B65F /* SnippetFilesView.swift in Sources */ = {isa = PBXBuildFile; fileRef = 064D8A132BDC1F0100B9B65F /* SnippetFilesView.swift */; };
		065B05C22BBF2A0F00C1E3E0 /* ArrowSVG.swift in Sources */ = {isa = PBXBuildFile; fileRef = 065B05C12BBF2A0F00C1E3E0 /* ArrowSVG.swift */; };
		0663720E2BED5DED00226EE4 /* HomeTips.swift in Sources */ = {isa = PBXBuildFile; fileRef = 0663720D2BED5DED00226EE4 /* HomeTips.swift */; };
		066372112BED855C00226EE4 /* Pow in Frameworks */ = {isa = PBXBuildFile; productRef = 066372102BED855C00226EE4 /* Pow */; };
		066372132BED86E300226EE4 /* Pow in Frameworks */ = {isa = PBXBuildFile; productRef = 066372122BED86E300226EE4 /* Pow */; };
		066372172BEDC0AC00226EE4 /* CloudKitSyncMonitor in Frameworks */ = {isa = PBXBuildFile; productRef = 066372162BEDC0AC00226EE4 /* CloudKitSyncMonitor */; };
		066952892EBE63C100CC89BC /* HomeView2.swift in Sources */ = {isa = PBXBuildFile; fileRef = 066952882EBE63C100CC89BC /* HomeView2.swift */; };
		066952992EBEFAD900CC89BC /* SearchView.swift in Sources */ = {isa = PBXBuildFile; fileRef = 066952982EBEFAD900CC89BC /* SearchView.swift */; };
		0669529B2EBEFD3800CC89BC /* SnippetTagForm.swift in Sources */ = {isa = PBXBuildFile; fileRef = 0669529A2EBEFD3800CC89BC /* SnippetTagForm.swift */; };
		066B83122CA707FE00B95904 /* RevenueCatManager.swift in Sources */ = {isa = PBXBuildFile; fileRef = 066B83102CA707FE00B95904 /* RevenueCatManager.swift */; };
		066B83152CA708B300B95904 /* RevenueCat in Frameworks */ = {isa = PBXBuildFile; productRef = 066B83142CA708B300B95904 /* RevenueCat */; };
		066B83172CA708B300B95904 /* RevenueCatUI in Frameworks */ = {isa = PBXBuildFile; productRef = 066B83162CA708B300B95904 /* RevenueCatUI */; };
		066E69CD2BB8D11400D971E8 /* Launch Screen.storyboard in Resources */ = {isa = PBXBuildFile; fileRef = 066E69CC2BB8D11400D971E8 /* Launch Screen.storyboard */; };
		066E69CF2BB8E45A00D971E8 /* Splashscreen.swift in Sources */ = {isa = PBXBuildFile; fileRef = 066E69CE2BB8E45A00D971E8 /* Splashscreen.swift */; };
		066E69D72BB9831900D971E8 /* KeyboardViewController.swift in Sources */ = {isa = PBXBuildFile; fileRef = 066E69D62BB9831900D971E8 /* KeyboardViewController.swift */; };
		066E69DB2BB9831900D971E8 /* SnipKeyboard.appex in Embed Foundation Extensions */ = {isa = PBXBuildFile; fileRef = 066E69D42BB9831900D971E8 /* SnipKeyboard.appex */; settings = {ATTRIBUTES = (RemoveHeadersOnCopy, ); }; };
		066E69E12BB985CF00D971E8 /* KeyboardView.swift in Sources */ = {isa = PBXBuildFile; fileRef = 066E69E02BB985CF00D971E8 /* KeyboardView.swift */; };
		066E69E22BB985DD00D971E8 /* KeyboardView.swift in Sources */ = {isa = PBXBuildFile; fileRef = 066E69E02BB985CF00D971E8 /* KeyboardView.swift */; };
		06AB20022F40B00200C2D002 /* SnippetPreviewOverlay.swift in Sources */ = {isa = PBXBuildFile; fileRef = 06AB20012F40B00200C2D001 /* SnippetPreviewOverlay.swift */; };
		06AB20032F40B00200C2D003 /* SnippetPreviewOverlay.swift in Sources */ = {isa = PBXBuildFile; fileRef = 06AB20012F40B00200C2D001 /* SnippetPreviewOverlay.swift */; };
		066E69E32BB9896400D971E8 /* KeyboardViewController.swift in Sources */ = {isa = PBXBuildFile; fileRef = 066E69D62BB9831900D971E8 /* KeyboardViewController.swift */; };
		066E69F42BB9CB7600D971E8 /* IBMPlexMono-Bold.ttf in Resources */ = {isa = PBXBuildFile; fileRef = 06F4F2FB2BB6270E00399C78 /* IBMPlexMono-Bold.ttf */; };
		066E69F52BB9CB7900D971E8 /* IBMPlexMono-Medium.ttf in Resources */ = {isa = PBXBuildFile; fileRef = 06F4F2FF2BB6270E00399C78 /* IBMPlexMono-Medium.ttf */; };
		066E69F62BB9CB7C00D971E8 /* IBMPlexMono-Regular.ttf in Resources */ = {isa = PBXBuildFile; fileRef = 06F4F3042BB6270E00399C78 /* IBMPlexMono-Regular.ttf */; };
		066E69F72BB9CB7F00D971E8 /* IBMPlexMono-SemiBold.ttf in Resources */ = {isa = PBXBuildFile; fileRef = 06F4F3022BB6270E00399C78 /* IBMPlexMono-SemiBold.ttf */; };
		066E69F82BB9CB9000D971E8 /* Launch Screen.storyboard in Resources */ = {isa = PBXBuildFile; fileRef = 066E69CC2BB8D11400D971E8 /* Launch Screen.storyboard */; };
		066E69FA2BB9CD9D00D971E8 /* SnippetModel.swift in Sources */ = {isa = PBXBuildFile; fileRef = 068C77CA2BB4C5FB0008D9A1 /* SnippetModel.swift */; };
		066FAF0E2BB216160086F135 /* SnipKeyApp.swift in Sources */ = {isa = PBXBuildFile; fileRef = 066FAF0D2BB216160086F135 /* SnipKeyApp.swift */; };
		066FAF142BB216170086F135 /* Assets.xcassets in Resources */ = {isa = PBXBuildFile; fileRef = 066FAF132BB216170086F135 /* Assets.xcassets */; };
		066FAF172BB216170086F135 /* Preview Assets.xcassets in Resources */ = {isa = PBXBuildFile; fileRef = 066FAF162BB216170086F135 /* Preview Assets.xcassets */; };
		0681F1D22C9A172E00459FD3 /* AppIconProvider.swift in Sources */ = {isa = PBXBuildFile; fileRef = 0681F1D12C9A172E00459FD3 /* AppIconProvider.swift */; };
		0681F1D32C9A172E00459FD3 /* AppIconProvider.swift in Sources */ = {isa = PBXBuildFile; fileRef = 0681F1D12C9A172E00459FD3 /* AppIconProvider.swift */; };
		068C77CB2BB4C5FB0008D9A1 /* SnippetModel.swift in Sources */ = {isa = PBXBuildFile; fileRef = 068C77CA2BB4C5FB0008D9A1 /* SnippetModel.swift */; };
		068C77CD2BB4C60C0008D9A1 /* SnippetViewModel.swift in Sources */ = {isa = PBXBuildFile; fileRef = 068C77CC2BB4C60C0008D9A1 /* SnippetViewModel.swift */; };
		068C77D12BB4C7620008D9A1 /* SnippetListItem.swift in Sources */ = {isa = PBXBuildFile; fileRef = 068C77D02BB4C7620008D9A1 /* SnippetListItem.swift */; };
		06AA10012F30A00100B1C001 /* KeyboardDimensions.swift in Sources */ = {isa = PBXBuildFile; fileRef = 06AA10082F30A00100B1C001 /* KeyboardDimensions.swift */; };
		06AA10022F30A00100B1C002 /* QWERTYKeyboardState.swift in Sources */ = {isa = PBXBuildFile; fileRef = 06AA10092F30A00100B1C002 /* QWERTYKeyboardState.swift */; };
		06AA10032F30A00100B1C003 /* KeyboardActions.swift in Sources */ = {isa = PBXBuildFile; fileRef = 06AA100A2F30A00100B1C003 /* KeyboardActions.swift */; };
		06AA10042F30A00100B1C004 /* QWERTYKeyboardLayout.swift in Sources */ = {isa = PBXBuildFile; fileRef = 06AA100B2F30A00100B1C004 /* QWERTYKeyboardLayout.swift */; };
		06AA10052F30A00100B1C005 /* KeyButtonView.swift in Sources */ = {isa = PBXBuildFile; fileRef = 06AA100C2F30A00100B1C005 /* KeyButtonView.swift */; };
		06AA10062F30A00100B1C006 /* KeyRowView.swift in Sources */ = {isa = PBXBuildFile; fileRef = 06AA100D2F30A00100B1C006 /* KeyRowView.swift */; };
		06AA10072F30A00100B1C007 /* QWERTYKeyboardView.swift in Sources */ = {isa = PBXBuildFile; fileRef = 06AA100E2F30A00100B1C007 /* QWERTYKeyboardView.swift */; };
		06AA10082F30A00100B1C008 /* KeyPopupView.swift in Sources */ = {isa = PBXBuildFile; fileRef = 06AA10182F30A00300B1C008 /* KeyPopupView.swift */; };
		06AA10112F30A00200B1C001 /* KeyboardDimensions.swift in Sources */ = {isa = PBXBuildFile; fileRef = 06AA10082F30A00100B1C001 /* KeyboardDimensions.swift */; };
		06AA10122F30A00200B1C002 /* QWERTYKeyboardState.swift in Sources */ = {isa = PBXBuildFile; fileRef = 06AA10092F30A00100B1C002 /* QWERTYKeyboardState.swift */; };
		06AA10132F30A00200B1C003 /* KeyboardActions.swift in Sources */ = {isa = PBXBuildFile; fileRef = 06AA100A2F30A00100B1C003 /* KeyboardActions.swift */; };
		06AA10142F30A00200B1C004 /* QWERTYKeyboardLayout.swift in Sources */ = {isa = PBXBuildFile; fileRef = 06AA100B2F30A00100B1C004 /* QWERTYKeyboardLayout.swift */; };
		06AA10152F30A00200B1C005 /* KeyButtonView.swift in Sources */ = {isa = PBXBuildFile; fileRef = 06AA100C2F30A00100B1C005 /* KeyButtonView.swift */; };
		06AA10162F30A00200B1C006 /* KeyRowView.swift in Sources */ = {isa = PBXBuildFile; fileRef = 06AA100D2F30A00100B1C006 /* KeyRowView.swift */; };
		06AA10172F30A00200B1C007 /* QWERTYKeyboardView.swift in Sources */ = {isa = PBXBuildFile; fileRef = 06AA100E2F30A00100B1C007 /* QWERTYKeyboardView.swift */; };
		06AA10182F30A00300B1C009 /* KeyPopupView.swift in Sources */ = {isa = PBXBuildFile; fileRef = 06AA10182F30A00300B1C008 /* KeyPopupView.swift */; };
		06AE130E2BBB09B5008EAE98 /* SettingsModel.swift in Sources */ = {isa = PBXBuildFile; fileRef = 06AE130D2BBB09B5008EAE98 /* SettingsModel.swift */; };
		06AE13102BBB0B61008EAE98 /* SettingsViewModel.swift in Sources */ = {isa = PBXBuildFile; fileRef = 06AE130F2BBB0B61008EAE98 /* SettingsViewModel.swift */; };
		06AE13122BBB0D16008EAE98 /* SettingsView.swift in Sources */ = {isa = PBXBuildFile; fileRef = 06AE13112BBB0D16008EAE98 /* SettingsView.swift */; };
		06AE13132BBB0D8B008EAE98 /* SettingsModel.swift in Sources */ = {isa = PBXBuildFile; fileRef = 06AE130D2BBB09B5008EAE98 /* SettingsModel.swift */; };
		06C6FE2C2BB9E00900166AB0 /* SnipKeyDataManager.swift in Sources */ = {isa = PBXBuildFile; fileRef = 06C6FE2B2BB9E00900166AB0 /* SnipKeyDataManager.swift */; };
		06C6FE2D2BB9E00900166AB0 /* SnipKeyDataManager.swift in Sources */ = {isa = PBXBuildFile; fileRef = 06C6FE2B2BB9E00900166AB0 /* SnipKeyDataManager.swift */; };
		06C6FE2E2BB9EEAB00166AB0 /* SnippetListItem.swift in Sources */ = {isa = PBXBuildFile; fileRef = 068C77D02BB4C7620008D9A1 /* SnippetListItem.swift */; };
		06C6FE2F2BB9EEBB00166AB0 /* Colors.swift in Sources */ = {isa = PBXBuildFile; fileRef = 06EA76932BB4DED000E3E1F0 /* Colors.swift */; };
		06C6FE312BBA060B00166AB0 /* KeyboardHelpGuideView.swift in Sources */ = {isa = PBXBuildFile; fileRef = 06C6FE302BBA060B00166AB0 /* KeyboardHelpGuideView.swift */; };
		06CA671A2CA4E81500CAD9E0 /* MorphingSymbolView.swift in Sources */ = {isa = PBXBuildFile; fileRef = 06CA67192CA4E81500CAD9E0 /* MorphingSymbolView.swift */; };
		06CA671C2CA4E8A800CAD9E0 /* OnboardingStepperView.swift in Sources */ = {isa = PBXBuildFile; fileRef = 06CA671B2CA4E8A800CAD9E0 /* OnboardingStepperView.swift */; };
		06CA671E2CA5B6BF00CAD9E0 /* AboutApp.swift in Sources */ = {isa = PBXBuildFile; fileRef = 06CA671D2CA5B6BF00CAD9E0 /* AboutApp.swift */; };
		06CA67202CA6EFAB00CAD9E0 /* TipDevView.swift in Sources */ = {isa = PBXBuildFile; fileRef = 06CA671F2CA6EFAB00CAD9E0 /* TipDevView.swift */; };
		06D428DE2CA4BC10005A5445 /* HomeView.swift in Sources */ = {isa = PBXBuildFile; fileRef = 06D428DD2CA4BC10005A5445 /* HomeView.swift */; };
		06D428E12CA4E51B005A5445 /* Page.swift in Sources */ = {isa = PBXBuildFile; fileRef = 06D428E02CA4E51B005A5445 /* Page.swift */; };
		06D428E42CA4E580005A5445 /* StaggeredImagesList.swift in Sources */ = {isa = PBXBuildFile; fileRef = 06D428E32CA4E580005A5445 /* StaggeredImagesList.swift */; };
		06D428E62CA4E5AB005A5445 /* LoopVideoView.swift in Sources */ = {isa = PBXBuildFile; fileRef = 06D428E52CA4E5AB005A5445 /* LoopVideoView.swift */; };
		06D454532BEE8E4C00D34782 /* TagsView.swift in Sources */ = {isa = PBXBuildFile; fileRef = 06D454522BEE8E4C00D34782 /* TagsView.swift */; };
		06D827FE2BBDC7DC00305E18 /* SymbolPicker in Frameworks */ = {isa = PBXBuildFile; productRef = 06D827FD2BBDC7DC00305E18 /* SymbolPicker */; };
		06E7E2B72BD30A610058D11E /* AlertToast in Frameworks */ = {isa = PBXBuildFile; productRef = 06E7E2B62BD30A610058D11E /* AlertToast */; };
		06E7E2B92BD97FB40058D11E /* Keyboard.swift in Sources */ = {isa = PBXBuildFile; fileRef = 06E7E2B82BD97FB40058D11E /* Keyboard.swift */; };
		06E7E2BA2BD97FB40058D11E /* Keyboard.swift in Sources */ = {isa = PBXBuildFile; fileRef = 06E7E2B82BD97FB40058D11E /* Keyboard.swift */; };
		06E7E2BE2BD998390058D11E /* SubscriptionView.swift in Sources */ = {isa = PBXBuildFile; fileRef = 06E7E2BD2BD998390058D11E /* SubscriptionView.swift */; };
		06E9A0432BDFE3DD00CF09BE /* SnippetViewModel.swift in Sources */ = {isa = PBXBuildFile; fileRef = 068C77CC2BB4C60C0008D9A1 /* SnippetViewModel.swift */; };
		06EA76912BB4D2FC00E3E1F0 /* SnippetViewDetail.swift in Sources */ = {isa = PBXBuildFile; fileRef = 06EA76902BB4D2FC00E3E1F0 /* SnippetViewDetail.swift */; };
		06EA76942BB4DED000E3E1F0 /* Colors.swift in Sources */ = {isa = PBXBuildFile; fileRef = 06EA76932BB4DED000E3E1F0 /* Colors.swift */; };
		06CC00112233445566778802 /* KeyStyle.swift in Sources */ = {isa = PBXBuildFile; fileRef = 06CC00112233445566778801 /* KeyStyle.swift */; };
		06CC00112233445566778803 /* KeyStyle.swift in Sources */ = {isa = PBXBuildFile; fileRef = 06CC00112233445566778801 /* KeyStyle.swift */; };
		06F4F2F72BB5CFDE00399C78 /* SnippetForm.swift in Sources */ = {isa = PBXBuildFile; fileRef = 06F4F2F62BB5CFDE00399C78 /* SnippetForm.swift */; };
		06F4F2FA2BB5F3BD00399C78 /* Strings.swift in Sources */ = {isa = PBXBuildFile; fileRef = 06F4F2F92BB5F3BD00399C78 /* Strings.swift */; };
		06F4F3092BB6270F00399C78 /* IBMPlexMono-Bold.ttf in Resources */ = {isa = PBXBuildFile; fileRef = 06F4F2FB2BB6270E00399C78 /* IBMPlexMono-Bold.ttf */; };
		06F4F30D2BB6270F00399C78 /* IBMPlexMono-Medium.ttf in Resources */ = {isa = PBXBuildFile; fileRef = 06F4F2FF2BB6270E00399C78 /* IBMPlexMono-Medium.ttf */; };
		06F4F3102BB6270F00399C78 /* IBMPlexMono-SemiBold.ttf in Resources */ = {isa = PBXBuildFile; fileRef = 06F4F3022BB6270E00399C78 /* IBMPlexMono-SemiBold.ttf */; };
		06F4F3122BB6270F00399C78 /* IBMPlexMono-Regular.ttf in Resources */ = {isa = PBXBuildFile; fileRef = 06F4F3042BB6270E00399C78 /* IBMPlexMono-Regular.ttf */; };
		06F4F3192BB6777E00399C78 /* SnippetListEmpty.swift in Sources */ = {isa = PBXBuildFile; fileRef = 06F4F3182BB6777E00399C78 /* SnippetListEmpty.swift */; };
		06F4F31B2BB67C9600399C78 /* KeyboardStatusView.swift in Sources */ = {isa = PBXBuildFile; fileRef = 06F4F31A2BB67C9600399C78 /* KeyboardStatusView.swift */; };
		06F4F31F2BB71E8F00399C78 /* WelcomeView.swift in Sources */ = {isa = PBXBuildFile; fileRef = 06F4F31E2BB71E8F00399C78 /* WelcomeView.swift */; };
		06F4F3212BB720AF00399C78 /* OnBoardingModel.swift in Sources */ = {isa = PBXBuildFile; fileRef = 06F4F3202BB720AF00399C78 /* OnBoardingModel.swift */; };
		06F4F3232BB7247900399C78 /* BoardingCardView.swift in Sources */ = {isa = PBXBuildFile; fileRef = 06F4F3222BB7247900399C78 /* BoardingCardView.swift */; };
		06F4F3252BB7484000399C78 /* Views.swift in Sources */ = {isa = PBXBuildFile; fileRef = 06F4F3242BB7484000399C78 /* Views.swift */; };
		06FC79732BC489D900382400 /* OnBoardingView.swift in Sources */ = {isa = PBXBuildFile; fileRef = 06FC79722BC489D900382400 /* OnBoardingView.swift */; };
		07A0543E0902CBF6CCE3B9D7 /* EventKitReminderService.swift in Sources */ = {isa = PBXBuildFile; fileRef = 67EFFD6A3EE38AE91528FF2B /* EventKitReminderService.swift */; };
		1142CDD55DA16C28B97CBF60 /* KeyboardLayoutItem.swift in Sources */ = {isa = PBXBuildFile; fileRef = 7C12EC5363837C2A8630F8D3 /* KeyboardLayoutItem.swift */; };
		13187A91ACE382E7BB5417AF /* AppIntegration.swift in Sources */ = {isa = PBXBuildFile; fileRef = E79883A265C444A3AA9FC72A /* AppIntegration.swift */; };
		1B4D251F0C1290F3471DE222 /* KeyboardCalloutView.swift in Sources */ = {isa = PBXBuildFile; fileRef = 1C830E3C63663CCF65E72BF1 /* KeyboardCalloutView.swift */; };
		1B89BCF6E55C957D694FFC9F /* SpaceBarCursorController.swift in Sources */ = {isa = PBXBuildFile; fileRef = 798750497DFA1BA776EFACC9 /* SpaceBarCursorController.swift */; };
		1C42A37DBDFADA2C7CAC9C4F /* KeyboardCalloutView.swift in Sources */ = {isa = PBXBuildFile; fileRef = 1C830E3C63663CCF65E72BF1 /* KeyboardCalloutView.swift */; };
		1F37BE6C7F110517BEBB4D46 /* AccentMap.swift in Sources */ = {isa = PBXBuildFile; fileRef = EE452F555419A6F46984CBBC /* AccentMap.swift */; };
		2442C0CA741CAA2D7A8250C9 /* SpaceBarCursorController.swift in Sources */ = {isa = PBXBuildFile; fileRef = 798750497DFA1BA776EFACC9 /* SpaceBarCursorController.swift */; };
		2DBFAE70D96145748A557295 /* KeyboardLayoutItem.swift in Sources */ = {isa = PBXBuildFile; fileRef = 7C12EC5363837C2A8630F8D3 /* KeyboardLayoutItem.swift */; };
		2EB6784CAE685D2E8A3EB0D8 /* EventKitReminderService.swift in Sources */ = {isa = PBXBuildFile; fileRef = 67EFFD6A3EE38AE91528FF2B /* EventKitReminderService.swift */; };
		2FFEF0199EB1B3E100CF3396 /* ModelContainerProvider.swift in Sources */ = {isa = PBXBuildFile; fileRef = EF089EAFB6EA396476658409 /* ModelContainerProvider.swift */; };
		3A8B76B2949D48589DC82983 /* SlashCommandEngine.swift in Sources */ = {isa = PBXBuildFile; fileRef = ADE910AE12DD4415B552E4A2 /* SlashCommandEngine.swift */; };
		3A8B76B2949D48589DC82A94 /* PredictiveTextEngine.swift in Sources */ = {isa = PBXBuildFile; fileRef = ADE910AE12DD4415B552E4B3 /* PredictiveTextEngine.swift */; };
		4314634F36B04D70854CC02D /* SlashCommandEngine.swift in Sources */ = {isa = PBXBuildFile; fileRef = ADE910AE12DD4415B552E4A2 /* SlashCommandEngine.swift */; };
		4314634F36B04D70854CC03E /* PredictiveTextEngine.swift in Sources */ = {isa = PBXBuildFile; fileRef = ADE910AE12DD4415B552E4B3 /* PredictiveTextEngine.swift */; };
		4357CA1F7209133EF8A7BB31 /* TimerParseEngine.swift in Sources */ = {isa = PBXBuildFile; fileRef = C7C362B061B2E4FC3332F901 /* TimerParseEngine.swift */; };
		47E09081072FF9E2DEC87BA3 /* TimerParseEngine.swift in Sources */ = {isa = PBXBuildFile; fileRef = C7C362B061B2E4FC3332F901 /* TimerParseEngine.swift */; };
		5AA1CF567B54EAE8DFCBAF2F /* ReminderDestination.swift in Sources */ = {isa = PBXBuildFile; fileRef = 0863C40DC54F8B0573428C40 /* ReminderDestination.swift */; };
		5AA259C84646E2C6725970F5 /* KeyboardLayoutFactory.swift in Sources */ = {isa = PBXBuildFile; fileRef = D18D266147F73D266AED224E /* KeyboardLayoutFactory.swift */; };
		5F658D6000CB59E3322A6785 /* CalloutController.swift in Sources */ = {isa = PBXBuildFile; fileRef = F7FCB146313BAC73C4D3C608 /* CalloutController.swift */; };
		83E827CBB3A447C9194F1669 /* CalloutController.swift in Sources */ = {isa = PBXBuildFile; fileRef = F7FCB146313BAC73C4D3C608 /* CalloutController.swift */; };
		854327AED4F785FEDFB5F7ED /* SmartTouchResolver.swift in Sources */ = {isa = PBXBuildFile; fileRef = 85A6CF1A5234FE05C7A7F015 /* SmartTouchResolver.swift */; };
		97D243C545AE5AC733FC26FB /* ModelContainerProvider.swift in Sources */ = {isa = PBXBuildFile; fileRef = EF089EAFB6EA396476658409 /* ModelContainerProvider.swift */; };
		9AD80476CD0C9C51C700F601 /* LocalNotificationScheduler.swift in Sources */ = {isa = PBXBuildFile; fileRef = BB499AC652FABA524AB96360 /* LocalNotificationScheduler.swift */; };
		BD5F1A2C3E4D5B6A79880103 /* SnippetPasteboard.swift in Sources */ = {isa = PBXBuildFile; fileRef = BD5F1A2C3E4D5B6A79880102 /* SnippetPasteboard.swift */; };
		BD5F1A2C3E4D5B6A79880104 /* SnippetPasteboard.swift in Sources */ = {isa = PBXBuildFile; fileRef = BD5F1A2C3E4D5B6A79880102 /* SnippetPasteboard.swift */; };
		9DFAAFBE4D41F82F980F94A2 /* TimerIntegrationView.swift in Sources */ = {isa = PBXBuildFile; fileRef = B3D8E0747E327AD847D6FA30 /* TimerIntegrationView.swift */; };
		A6C27CA5DF7742F084A2061B /* KeyboardGestureCoordinator.swift in Sources */ = {isa = PBXBuildFile; fileRef = 426457EB9F7B0F45CB1E0766 /* KeyboardGestureCoordinator.swift */; };
		A7B8C9D0E1F2A3B4C5D6E7F8 /* TouchOffsetModel.swift in Sources */ = {isa = PBXBuildFile; fileRef = A7B8C9D0E1F2A3B4C5D6E7F7 /* TouchOffsetModel.swift */; };
		A7B8C9D0E1F2A3B4C5D6E7F9 /* TouchOffsetModel.swift in Sources */ = {isa = PBXBuildFile; fileRef = A7B8C9D0E1F2A3B4C5D6E7F7 /* TouchOffsetModel.swift */; };
		ADA928B4FA9D5DA9CDFACEB3 /* IntegrationsView.swift in Sources */ = {isa = PBXBuildFile; fileRef = FEE8DB50F5227711F0A44F2E /* IntegrationsView.swift */; };
		B1C2D3E4F5A6B7C8D9E0F1B1 /* BigramEngine.swift in Sources */ = {isa = PBXBuildFile; fileRef = B1C2D3E4F5A6B7C8D9E0F1A1 /* BigramEngine.swift */; };
		B1C2D3E4F5A6B7C8D9E0F1B2 /* DynamicHitResolver.swift in Sources */ = {isa = PBXBuildFile; fileRef = B1C2D3E4F5A6B7C8D9E0F1A2 /* DynamicHitResolver.swift */; };
		B1C2D3E4F5A6B7C8D9E0F1B3 /* ProbabilisticTouchContext.swift in Sources */ = {isa = PBXBuildFile; fileRef = B1C2D3E4F5A6B7C8D9E0F1A3 /* ProbabilisticTouchContext.swift */; };
		B34CB5065459AFDE2C23A92F /* KeyboardCommitPipeline.swift in Sources */ = {isa = PBXBuildFile; fileRef = C38FE722252F18F28A754009 /* KeyboardCommitPipeline.swift */; };
		B583A44D6D4DBE7597870131 /* RemindersIntegrationView.swift in Sources */ = {isa = PBXBuildFile; fileRef = 88B761651C894AA3B2981C82 /* RemindersIntegrationView.swift */; };
		B89C0449762FBFE1BC7FB157 /* NotificationPresenter.swift in Sources */ = {isa = PBXBuildFile; fileRef = 9A617BC51EE90BF0174CD25F /* NotificationPresenter.swift */; };
		BF8B6001DF52F893601D98F0 /* PredictiveTextEngineAsync.swift in Sources */ = {isa = PBXBuildFile; fileRef = FAF46C9D98AF9FA5A91A9E05 /* PredictiveTextEngineAsync.swift */; };
		C2B69DCF6F147603AE4534CC /* LocalNotificationScheduler.swift in Sources */ = {isa = PBXBuildFile; fileRef = BB499AC652FABA524AB96360 /* LocalNotificationScheduler.swift */; };
		C2D3E4F5A6B7C8D9E0F1A1B1 /* BigramEngine.swift in Sources */ = {isa = PBXBuildFile; fileRef = B1C2D3E4F5A6B7C8D9E0F1A1 /* BigramEngine.swift */; };
		C2D3E4F5A6B7C8D9E0F1A1B2 /* DynamicHitResolver.swift in Sources */ = {isa = PBXBuildFile; fileRef = B1C2D3E4F5A6B7C8D9E0F1A2 /* DynamicHitResolver.swift */; };
		C2D3E4F5A6B7C8D9E0F1A1B3 /* ProbabilisticTouchContext.swift in Sources */ = {isa = PBXBuildFile; fileRef = B1C2D3E4F5A6B7C8D9E0F1A3 /* ProbabilisticTouchContext.swift */; };
		C499471BC1178E27BCE65613 /* SmartTouchResolver.swift in Sources */ = {isa = PBXBuildFile; fileRef = 85A6CF1A5234FE05C7A7F015 /* SmartTouchResolver.swift */; };
		C6C79CE1B8ACC91139B273DD /* KeyboardGestureCoordinator.swift in Sources */ = {isa = PBXBuildFile; fileRef = 426457EB9F7B0F45CB1E0766 /* KeyboardGestureCoordinator.swift */; };
		CC72D06329CE5A0FD24F039D /* KeyboardLayoutFactory.swift in Sources */ = {isa = PBXBuildFile; fileRef = D18D266147F73D266AED224E /* KeyboardLayoutFactory.swift */; };
		D0F2F46440C35CB437608B91 /* ReminderParseEngine.swift in Sources */ = {isa = PBXBuildFile; fileRef = 263A76D1D20C5D99E80711F8 /* ReminderParseEngine.swift */; };
		D4F176DB438B2BCE533956F6 /* KeyboardLayoutResolver.swift in Sources */ = {isa = PBXBuildFile; fileRef = 3248BAFB68906AE381C2A875 /* KeyboardLayoutResolver.swift */; };
		D9F1A2B3C4D5E6F708192A3C /* ProbabilisticHitResolver.swift in Sources */ = {isa = PBXBuildFile; fileRef = D9F1A2B3C4D5E6F708192A3B /* ProbabilisticHitResolver.swift */; };
		D9F1A2B3C4D5E6F708192A3D /* ProbabilisticHitResolver.swift in Sources */ = {isa = PBXBuildFile; fileRef = D9F1A2B3C4D5E6F708192A3B /* ProbabilisticHitResolver.swift */; };
		E1A2B3C4D5E6F7A8B9C0D1E3 /* TypingTelemetry.swift in Sources */ = {isa = PBXBuildFile; fileRef = E1A2B3C4D5E6F7A8B9C0D1E2 /* TypingTelemetry.swift */; };
		E1A2B3C4D5E6F7A8B9C0D1E4 /* TypingTelemetry.swift in Sources */ = {isa = PBXBuildFile; fileRef = E1A2B3C4D5E6F7A8B9C0D1E2 /* TypingTelemetry.swift */; };
		E61BA06D36BBCF27D8463618 /* ReminderParseEngine.swift in Sources */ = {isa = PBXBuildFile; fileRef = 263A76D1D20C5D99E80711F8 /* ReminderParseEngine.swift */; };
		E700E7444943F0F8E705293A /* AccentMap.swift in Sources */ = {isa = PBXBuildFile; fileRef = EE452F555419A6F46984CBBC /* AccentMap.swift */; };
		E9395E039E047952A59EE0E8 /* KeyLayerRenderer.swift in Sources */ = {isa = PBXBuildFile; fileRef = BD3D5B35F1D244395798B02A /* KeyLayerRenderer.swift */; };
		EBA12BC3F47C57B75EBA44F4 /* RemindersView.swift in Sources */ = {isa = PBXBuildFile; fileRef = F9F559D4F5BD052FAD0F47B8 /* RemindersView.swift */; };
		EE3A895ADA9EFDA4F1FF82A7 /* KeyLayerRenderer.swift in Sources */ = {isa = PBXBuildFile; fileRef = BD3D5B35F1D244395798B02A /* KeyLayerRenderer.swift */; };
		EFE5647EEF13001D16377DCC /* NativeKeyboardV2View.swift in Sources */ = {isa = PBXBuildFile; fileRef = 80EB0CF160026E9B1BAF2EE5 /* NativeKeyboardV2View.swift */; };
		F2B3C4D5E6F7A8B9C0D1E2F4 /* ShadowTelemetryView.swift in Sources */ = {isa = PBXBuildFile; fileRef = F2B3C4D5E6F7A8B9C0D1E2F3 /* ShadowTelemetryView.swift */; };
		F3A0883B7A607F9D9FCD5AEE /* NativeKeyboardV2View.swift in Sources */ = {isa = PBXBuildFile; fileRef = 80EB0CF160026E9B1BAF2EE5 /* NativeKeyboardV2View.swift */; };
		F79D118F6EB6903D1EE2B441 /* KeyboardCommitPipeline.swift in Sources */ = {isa = PBXBuildFile; fileRef = C38FE722252F18F28A754009 /* KeyboardCommitPipeline.swift */; };
		F8A78ACE4CAA56EB63166041 /* PredictiveTextEngineAsync.swift in Sources */ = {isa = PBXBuildFile; fileRef = FAF46C9D98AF9FA5A91A9E05 /* PredictiveTextEngineAsync.swift */; };
		F977E6660EB5E6D9FE1B2F3A /* ReminderDestination.swift in Sources */ = {isa = PBXBuildFile; fileRef = 0863C40DC54F8B0573428C40 /* ReminderDestination.swift */; };
		F9781C3BAA457D15529F3AFC /* KeyboardLayoutResolver.swift in Sources */ = {isa = PBXBuildFile; fileRef = 3248BAFB68906AE381C2A875 /* KeyboardLayoutResolver.swift */; };
/* End PBXBuildFile section */

/* Begin PBXContainerItemProxy section */
		066E69D92BB9831900D971E8 /* PBXContainerItemProxy */ = {
			isa = PBXContainerItemProxy;
			containerPortal = 066FAF022BB216160086F135 /* Project object */;
			proxyType = 1;
			remoteGlobalIDString = 066E69D32BB9831900D971E8;
			remoteInfo = SnipKeyboard;
		};
/* End PBXContainerItemProxy section */

/* Begin PBXCopyFilesBuildPhase section */
		066E69DF2BB9831900D971E8 /* Embed Foundation Extensions */ = {
			isa = PBXCopyFilesBuildPhase;
			buildActionMask = 12;
			dstPath = "";
			dstSubfolderSpec = 13;
			files = (
				066E69DB2BB9831900D971E8 /* SnipKeyboard.appex in Embed Foundation Extensions */,
			);
			name = "Embed Foundation Extensions";
			runOnlyForDeploymentPostprocessing = 0;
		};
/* End PBXCopyFilesBuildPhase section */

/* Begin PBXFileReference section */
		0617D0712F22B8F200E6480C /* TagColorPicker.swift */ = {isa = PBXFileReference; lastKnownFileType = sourcecode.swift; path = TagColorPicker.swift; sourceTree = "<group>"; };
		0617D0742F22B90300E6480C /* TagColorIndicator.swift */ = {isa = PBXFileReference; lastKnownFileType = sourcecode.swift; path = TagColorIndicator.swift; sourceTree = "<group>"; };
		061ED3CD2BC43611006A6E47 /* Biometrics.swift */ = {isa = PBXFileReference; lastKnownFileType = sourcecode.swift; path = Biometrics.swift; sourceTree = "<group>"; };
		0630BC0D2C6E747100E8493B /* SnippetContentForm.swift */ = {isa = PBXFileReference; lastKnownFileType = sourcecode.swift; path = SnippetContentForm.swift; sourceTree = "<group>"; };
		0630BC0F2C6E89D700E8493B /* SnippetContentViewDisplay.swift */ = {isa = PBXFileReference; lastKnownFileType = sourcecode.swift; path = SnippetContentViewDisplay.swift; sourceTree = "<group>"; };
		063E4EAD2C757C5B000DAF1F /* EditTagView.swift */ = {isa = PBXFileReference; lastKnownFileType = sourcecode.swift; path = EditTagView.swift; sourceTree = "<group>"; };
		064D8A132BDC1F0100B9B65F /* SnippetFilesView.swift */ = {isa = PBXFileReference; lastKnownFileType = sourcecode.swift; path = SnippetFilesView.swift; sourceTree = "<group>"; };
		065B05C12BBF2A0F00C1E3E0 /* ArrowSVG.swift */ = {isa = PBXFileReference; lastKnownFileType = sourcecode.swift; path = ArrowSVG.swift; sourceTree = "<group>"; };
		0662D7AB2BB9DD8A00DEC4B9 /* SnipKey.entitlements */ = {isa = PBXFileReference; lastKnownFileType = text.plist.entitlements; path = SnipKey.entitlements; sourceTree = "<group>"; };
		0662D7AC2BB9DDB900DEC4B9 /* SnipKeyboard.entitlements */ = {isa = PBXFileReference; lastKnownFileType = text.plist.entitlements; path = SnipKeyboard.entitlements; sourceTree = "<group>"; };
		0663720D2BED5DED00226EE4 /* HomeTips.swift */ = {isa = PBXFileReference; lastKnownFileType = sourcecode.swift; path = HomeTips.swift; sourceTree = "<group>"; };
		066952882EBE63C100CC89BC /* HomeView2.swift */ = {isa = PBXFileReference; lastKnownFileType = sourcecode.swift; path = HomeView2.swift; sourceTree = "<group>"; };
		066952982EBEFAD900CC89BC /* SearchView.swift */ = {isa = PBXFileReference; lastKnownFileType = sourcecode.swift; path = SearchView.swift; sourceTree = "<group>"; };
		0669529A2EBEFD3800CC89BC /* SnippetTagForm.swift */ = {isa = PBXFileReference; lastKnownFileType = sourcecode.swift; path = SnippetTagForm.swift; sourceTree = "<group>"; };
		066B83102CA707FE00B95904 /* RevenueCatManager.swift */ = {isa = PBXFileReference; lastKnownFileType = sourcecode.swift; path = RevenueCatManager.swift; sourceTree = "<group>"; };
		066E69CC2BB8D11400D971E8 /* Launch Screen.storyboard */ = {isa = PBXFileReference; lastKnownFileType = file.storyboard; path = "Launch Screen.storyboard"; sourceTree = "<group>"; };
		066E69CE2BB8E45A00D971E8 /* Splashscreen.swift */ = {isa = PBXFileReference; lastKnownFileType = sourcecode.swift; path = Splashscreen.swift; sourceTree = "<group>"; };
		066E69D42BB9831900D971E8 /* SnipKeyboard.appex */ = {isa = PBXFileReference; explicitFileType = "wrapper.app-extension"; includeInIndex = 0; path = SnipKeyboard.appex; sourceTree = BUILT_PRODUCTS_DIR; };
		066E69D62BB9831900D971E8 /* KeyboardViewController.swift */ = {isa = PBXFileReference; lastKnownFileType = sourcecode.swift; path = KeyboardViewController.swift; sourceTree = "<group>"; };
		066E69D82BB9831900D971E8 /* Info.plist */ = {isa = PBXFileReference; lastKnownFileType = text.plist.xml; path = Info.plist; sourceTree = "<group>"; };
		066E69E02BB985CF00D971E8 /* KeyboardView.swift */ = {isa = PBXFileReference; lastKnownFileType = sourcecode.swift; path = KeyboardView.swift; sourceTree = "<group>"; };
		06AB20012F40B00200C2D001 /* SnippetPreviewOverlay.swift */ = {isa = PBXFileReference; lastKnownFileType = sourcecode.swift; path = SnippetPreviewOverlay.swift; sourceTree = "<group>"; };
		066FAF0A2BB216160086F135 /* SnipKey.app */ = {isa = PBXFileReference; explicitFileType = wrapper.application; includeInIndex = 0; path = SnipKey.app; sourceTree = BUILT_PRODUCTS_DIR; };
		066FAF0D2BB216160086F135 /* SnipKeyApp.swift */ = {isa = PBXFileReference; lastKnownFileType = sourcecode.swift; path = SnipKeyApp.swift; sourceTree = "<group>"; };
		066FAF132BB216170086F135 /* Assets.xcassets */ = {isa = PBXFileReference; lastKnownFileType = folder.assetcatalog; path = Assets.xcassets; sourceTree = "<group>"; };
		066FAF162BB216170086F135 /* Preview Assets.xcassets */ = {isa = PBXFileReference; lastKnownFileType = folder.assetcatalog; path = "Preview Assets.xcassets"; sourceTree = "<group>"; };
		0681F1D12C9A172E00459FD3 /* AppIconProvider.swift */ = {isa = PBXFileReference; lastKnownFileType = sourcecode.swift; path = AppIconProvider.swift; sourceTree = "<group>"; };
		068C77CA2BB4C5FB0008D9A1 /* SnippetModel.swift */ = {isa = PBXFileReference; lastKnownFileType = sourcecode.swift; path = SnippetModel.swift; sourceTree = "<group>"; };
		068C77CC2BB4C60C0008D9A1 /* SnippetViewModel.swift */ = {isa = PBXFileReference; lastKnownFileType = sourcecode.swift; path = SnippetViewModel.swift; sourceTree = "<group>"; };
		068C77D02BB4C7620008D9A1 /* SnippetListItem.swift */ = {isa = PBXFileReference; lastKnownFileType = sourcecode.swift; path = SnippetListItem.swift; sourceTree = "<group>"; };
		06AA10082F30A00100B1C001 /* KeyboardDimensions.swift */ = {isa = PBXFileReference; lastKnownFileType = sourcecode.swift; path = KeyboardDimensions.swift; sourceTree = "<group>"; };
		06AA10092F30A00100B1C002 /* QWERTYKeyboardState.swift */ = {isa = PBXFileReference; lastKnownFileType = sourcecode.swift; path = QWERTYKeyboardState.swift; sourceTree = "<group>"; };
		06AA100A2F30A00100B1C003 /* KeyboardActions.swift */ = {isa = PBXFileReference; lastKnownFileType = sourcecode.swift; path = KeyboardActions.swift; sourceTree = "<group>"; };
		06AA100B2F30A00100B1C004 /* QWERTYKeyboardLayout.swift */ = {isa = PBXFileReference; lastKnownFileType = sourcecode.swift; path = QWERTYKeyboardLayout.swift; sourceTree = "<group>"; };
		06AA100C2F30A00100B1C005 /* KeyButtonView.swift */ = {isa = PBXFileReference; lastKnownFileType = sourcecode.swift; path = KeyButtonView.swift; sourceTree = "<group>"; };
		06AA100D2F30A00100B1C006 /* KeyRowView.swift */ = {isa = PBXFileReference; lastKnownFileType = sourcecode.swift; path = KeyRowView.swift; sourceTree = "<group>"; };
		06AA100E2F30A00100B1C007 /* QWERTYKeyboardView.swift */ = {isa = PBXFileReference; lastKnownFileType = sourcecode.swift; path = QWERTYKeyboardView.swift; sourceTree = "<group>"; };
		06AA10182F30A00300B1C008 /* KeyPopupView.swift */ = {isa = PBXFileReference; lastKnownFileType = sourcecode.swift; path = KeyPopupView.swift; sourceTree = "<group>"; };
		06AE130D2BBB09B5008EAE98 /* SettingsModel.swift */ = {isa = PBXFileReference; lastKnownFileType = sourcecode.swift; path = SettingsModel.swift; sourceTree = "<group>"; };
		06AE130F2BBB0B61008EAE98 /* SettingsViewModel.swift */ = {isa = PBXFileReference; lastKnownFileType = sourcecode.swift; path = SettingsViewModel.swift; sourceTree = "<group>"; };
		06AE13112BBB0D16008EAE98 /* SettingsView.swift */ = {isa = PBXFileReference; lastKnownFileType = sourcecode.swift; path = SettingsView.swift; sourceTree = "<group>"; };
		06C6FE2B2BB9E00900166AB0 /* SnipKeyDataManager.swift */ = {isa = PBXFileReference; lastKnownFileType = sourcecode.swift; path = SnipKeyDataManager.swift; sourceTree = "<group>"; };
		06C6FE302BBA060B00166AB0 /* KeyboardHelpGuideView.swift */ = {isa = PBXFileReference; lastKnownFileType = sourcecode.swift; path = KeyboardHelpGuideView.swift; sourceTree = "<group>"; };
		06CA67192CA4E81500CAD9E0 /* MorphingSymbolView.swift */ = {isa = PBXFileReference; lastKnownFileType = sourcecode.swift; path = MorphingSymbolView.swift; sourceTree = "<group>"; };
		06CA671B2CA4E8A800CAD9E0 /* OnboardingStepperView.swift */ = {isa = PBXFileReference; lastKnownFileType = sourcecode.swift; path = OnboardingStepperView.swift; sourceTree = "<group>"; };
		06CA671D2CA5B6BF00CAD9E0 /* AboutApp.swift */ = {isa = PBXFileReference; lastKnownFileType = sourcecode.swift; path = AboutApp.swift; sourceTree = "<group>"; };
		06CA671F2CA6EFAB00CAD9E0 /* TipDevView.swift */ = {isa = PBXFileReference; lastKnownFileType = sourcecode.swift; path = TipDevView.swift; sourceTree = "<group>"; };
		06D428DD2CA4BC10005A5445 /* HomeView.swift */ = {isa = PBXFileReference; lastKnownFileType = sourcecode.swift; path = HomeView.swift; sourceTree = "<group>"; };
		06D428E02CA4E51B005A5445 /* Page.swift */ = {isa = PBXFileReference; lastKnownFileType = sourcecode.swift; path = Page.swift; sourceTree = "<group>"; };
		06D428E32CA4E580005A5445 /* StaggeredImagesList.swift */ = {isa = PBXFileReference; lastKnownFileType = sourcecode.swift; path = StaggeredImagesList.swift; sourceTree = "<group>"; };
		06D428E52CA4E5AB005A5445 /* LoopVideoView.swift */ = {isa = PBXFileReference; lastKnownFileType = sourcecode.swift; path = LoopVideoView.swift; sourceTree = "<group>"; };
		06D454522BEE8E4C00D34782 /* TagsView.swift */ = {isa = PBXFileReference; lastKnownFileType = sourcecode.swift; path = TagsView.swift; sourceTree = "<group>"; };
		06E7E2B82BD97FB40058D11E /* Keyboard.swift */ = {isa = PBXFileReference; lastKnownFileType = sourcecode.swift; path = Keyboard.swift; sourceTree = "<group>"; };
		06E7E2BD2BD998390058D11E /* SubscriptionView.swift */ = {isa = PBXFileReference; lastKnownFileType = sourcecode.swift; path = SubscriptionView.swift; sourceTree = "<group>"; };
		06EA76902BB4D2FC00E3E1F0 /* SnippetViewDetail.swift */ = {isa = PBXFileReference; lastKnownFileType = sourcecode.swift; path = SnippetViewDetail.swift; sourceTree = "<group>"; };
		06EA76932BB4DED000E3E1F0 /* Colors.swift */ = {isa = PBXFileReference; lastKnownFileType = sourcecode.swift; path = Colors.swift; sourceTree = "<group>"; };
		06CC00112233445566778801 /* KeyStyle.swift */ = {isa = PBXFileReference; lastKnownFileType = sourcecode.swift; path = KeyStyle.swift; sourceTree = "<group>"; };
		06F4F2F62BB5CFDE00399C78 /* SnippetForm.swift */ = {isa = PBXFileReference; lastKnownFileType = sourcecode.swift; path = SnippetForm.swift; sourceTree = "<group>"; };
		06F4F2F92BB5F3BD00399C78 /* Strings.swift */ = {isa = PBXFileReference; lastKnownFileType = sourcecode.swift; path = Strings.swift; sourceTree = "<group>"; };
		06F4F2FB2BB6270E00399C78 /* IBMPlexMono-Bold.ttf */ = {isa = PBXFileReference; lastKnownFileType = file; path = "IBMPlexMono-Bold.ttf"; sourceTree = "<group>"; };
		06F4F2FF2BB6270E00399C78 /* IBMPlexMono-Medium.ttf */ = {isa = PBXFileReference; lastKnownFileType = file; path = "IBMPlexMono-Medium.ttf"; sourceTree = "<group>"; };
		06F4F3022BB6270E00399C78 /* IBMPlexMono-SemiBold.ttf */ = {isa = PBXFileReference; lastKnownFileType = file; path = "IBMPlexMono-SemiBold.ttf"; sourceTree = "<group>"; };
		06F4F3042BB6270E00399C78 /* IBMPlexMono-Regular.ttf */ = {isa = PBXFileReference; lastKnownFileType = file; path = "IBMPlexMono-Regular.ttf"; sourceTree = "<group>"; };
		06F4F3172BB6275600399C78 /* Info.plist */ = {isa = PBXFileReference; lastKnownFileType = text.plist; path = Info.plist; sourceTree = "<group>"; };
		06F4F3182BB6777E00399C78 /* SnippetListEmpty.swift */ = {isa = PBXFileReference; lastKnownFileType = sourcecode.swift; path = SnippetListEmpty.swift; sourceTree = "<group>"; };
		06F4F31A2BB67C9600399C78 /* KeyboardStatusView.swift */ = {isa = PBXFileReference; lastKnownFileType = sourcecode.swift; path = KeyboardStatusView.swift; sourceTree = "<group>"; };
		06F4F31E2BB71E8F00399C78 /* WelcomeView.swift */ = {isa = PBXFileReference; lastKnownFileType = sourcecode.swift; path = WelcomeView.swift; sourceTree = "<group>"; };
		06F4F3202BB720AF00399C78 /* OnBoardingModel.swift */ = {isa = PBXFileReference; lastKnownFileType = sourcecode.swift; path = OnBoardingModel.swift; sourceTree = "<group>"; };
		06F4F3222BB7247900399C78 /* BoardingCardView.swift */ = {isa = PBXFileReference; lastKnownFileType = sourcecode.swift; path = BoardingCardView.swift; sourceTree = "<group>"; };
		06F4F3242BB7484000399C78 /* Views.swift */ = {isa = PBXFileReference; lastKnownFileType = sourcecode.swift; path = Views.swift; sourceTree = "<group>"; };
		06FC79722BC489D900382400 /* OnBoardingView.swift */ = {isa = PBXFileReference; lastKnownFileType = sourcecode.swift; path = OnBoardingView.swift; sourceTree = "<group>"; };
		0863C40DC54F8B0573428C40 /* ReminderDestination.swift */ = {isa = PBXFileReference; includeInIndex = 1; lastKnownFileType = sourcecode.swift; path = ReminderDestination.swift; sourceTree = "<group>"; };
		1C830E3C63663CCF65E72BF1 /* KeyboardCalloutView.swift */ = {isa = PBXFileReference; lastKnownFileType = sourcecode.swift; name = KeyboardCalloutView.swift; path = V2/KeyboardCalloutView.swift; sourceTree = "<group>"; };
		263A76D1D20C5D99E80711F8 /* ReminderParseEngine.swift */ = {isa = PBXFileReference; includeInIndex = 1; lastKnownFileType = sourcecode.swift; path = ReminderParseEngine.swift; sourceTree = "<group>"; };
		3248BAFB68906AE381C2A875 /* KeyboardLayoutResolver.swift */ = {isa = PBXFileReference; lastKnownFileType = sourcecode.swift; name = KeyboardLayoutResolver.swift; path = V2/KeyboardLayoutResolver.swift; sourceTree = "<group>"; };
		426457EB9F7B0F45CB1E0766 /* KeyboardGestureCoordinator.swift */ = {isa = PBXFileReference; lastKnownFileType = sourcecode.swift; name = KeyboardGestureCoordinator.swift; path = V2/KeyboardGestureCoordinator.swift; sourceTree = "<group>"; };
		67EFFD6A3EE38AE91528FF2B /* EventKitReminderService.swift */ = {isa = PBXFileReference; includeInIndex = 1; lastKnownFileType = sourcecode.swift; path = EventKitReminderService.swift; sourceTree = "<group>"; };
		798750497DFA1BA776EFACC9 /* SpaceBarCursorController.swift */ = {isa = PBXFileReference; lastKnownFileType = sourcecode.swift; name = SpaceBarCursorController.swift; path = V2/SpaceBarCursorController.swift; sourceTree = "<group>"; };
		7C12EC5363837C2A8630F8D3 /* KeyboardLayoutItem.swift */ = {isa = PBXFileReference; lastKnownFileType = sourcecode.swift; name = KeyboardLayoutItem.swift; path = V2/KeyboardLayoutItem.swift; sourceTree = "<group>"; };
		80EB0CF160026E9B1BAF2EE5 /* NativeKeyboardV2View.swift */ = {isa = PBXFileReference; lastKnownFileType = sourcecode.swift; name = NativeKeyboardV2View.swift; path = V2/NativeKeyboardV2View.swift; sourceTree = "<group>"; };
		85A6CF1A5234FE05C7A7F015 /* SmartTouchResolver.swift */ = {isa = PBXFileReference; lastKnownFileType = sourcecode.swift; name = SmartTouchResolver.swift; path = V2/SmartTouchResolver.swift; sourceTree = "<group>"; };
		88B761651C894AA3B2981C82 /* RemindersIntegrationView.swift */ = {isa = PBXFileReference; includeInIndex = 1; lastKnownFileType = sourcecode.swift; path = RemindersIntegrationView.swift; sourceTree = "<group>"; };
		9A617BC51EE90BF0174CD25F /* NotificationPresenter.swift */ = {isa = PBXFileReference; includeInIndex = 1; lastKnownFileType = sourcecode.swift; path = NotificationPresenter.swift; sourceTree = "<group>"; };
		A7B8C9D0E1F2A3B4C5D6E7F7 /* TouchOffsetModel.swift */ = {isa = PBXFileReference; lastKnownFileType = sourcecode.swift; name = TouchOffsetModel.swift; path = V2/TouchOffsetModel.swift; sourceTree = "<group>"; };
		ADE910AE12DD4415B552E4A2 /* SlashCommandEngine.swift */ = {isa = PBXFileReference; lastKnownFileType = sourcecode.swift; path = SlashCommandEngine.swift; sourceTree = "<group>"; };
		ADE910AE12DD4415B552E4B3 /* PredictiveTextEngine.swift */ = {isa = PBXFileReference; lastKnownFileType = sourcecode.swift; path = PredictiveTextEngine.swift; sourceTree = "<group>"; };
		B1C2D3E4F5A6B7C8D9E0F1A1 /* BigramEngine.swift */ = {isa = PBXFileReference; lastKnownFileType = sourcecode.swift; path = BigramEngine.swift; sourceTree = "<group>"; };
		B1C2D3E4F5A6B7C8D9E0F1A2 /* DynamicHitResolver.swift */ = {isa = PBXFileReference; lastKnownFileType = sourcecode.swift; path = DynamicHitResolver.swift; sourceTree = "<group>"; };
		B1C2D3E4F5A6B7C8D9E0F1A3 /* ProbabilisticTouchContext.swift */ = {isa = PBXFileReference; lastKnownFileType = sourcecode.swift; path = ProbabilisticTouchContext.swift; sourceTree = "<group>"; };
		B3D8E0747E327AD847D6FA30 /* TimerIntegrationView.swift */ = {isa = PBXFileReference; includeInIndex = 1; lastKnownFileType = sourcecode.swift; path = TimerIntegrationView.swift; sourceTree = "<group>"; };
		BB499AC652FABA524AB96360 /* LocalNotificationScheduler.swift */ = {isa = PBXFileReference; includeInIndex = 1; lastKnownFileType = sourcecode.swift; path = LocalNotificationScheduler.swift; sourceTree = "<group>"; };
		BD5F1A2C3E4D5B6A79880102 /* SnippetPasteboard.swift */ = {isa = PBXFileReference; includeInIndex = 1; lastKnownFileType = sourcecode.swift; path = SnippetPasteboard.swift; sourceTree = "<group>"; };
		BD3D5B35F1D244395798B02A /* KeyLayerRenderer.swift */ = {isa = PBXFileReference; lastKnownFileType = sourcecode.swift; name = KeyLayerRenderer.swift; path = V2/KeyLayerRenderer.swift; sourceTree = "<group>"; };
		C38FE722252F18F28A754009 /* KeyboardCommitPipeline.swift */ = {isa = PBXFileReference; lastKnownFileType = sourcecode.swift; name = KeyboardCommitPipeline.swift; path = V2/KeyboardCommitPipeline.swift; sourceTree = "<group>"; };
		C7C362B061B2E4FC3332F901 /* TimerParseEngine.swift */ = {isa = PBXFileReference; includeInIndex = 1; lastKnownFileType = sourcecode.swift; path = TimerParseEngine.swift; sourceTree = "<group>"; };
		D18D266147F73D266AED224E /* KeyboardLayoutFactory.swift */ = {isa = PBXFileReference; lastKnownFileType = sourcecode.swift; name = KeyboardLayoutFactory.swift; path = V2/KeyboardLayoutFactory.swift; sourceTree = "<group>"; };
		D9F1A2B3C4D5E6F708192A3B /* ProbabilisticHitResolver.swift */ = {isa = PBXFileReference; lastKnownFileType = sourcecode.swift; name = ProbabilisticHitResolver.swift; path = V2/ProbabilisticHitResolver.swift; sourceTree = "<group>"; };
		E1A2B3C4D5E6F7A8B9C0D1E2 /* TypingTelemetry.swift */ = {isa = PBXFileReference; lastKnownFileType = sourcecode.swift; name = TypingTelemetry.swift; path = V2/TypingTelemetry.swift; sourceTree = "<group>"; };
		E79883A265C444A3AA9FC72A /* AppIntegration.swift */ = {isa = PBXFileReference; includeInIndex = 1; lastKnownFileType = sourcecode.swift; path = AppIntegration.swift; sourceTree = "<group>"; };
		EE452F555419A6F46984CBBC /* AccentMap.swift */ = {isa = PBXFileReference; lastKnownFileType = sourcecode.swift; name = AccentMap.swift; path = V2/AccentMap.swift; sourceTree = "<group>"; };
		EF089EAFB6EA396476658409 /* ModelContainerProvider.swift */ = {isa = PBXFileReference; lastKnownFileType = sourcecode.swift; name = ModelContainerProvider.swift; path = V2/ModelContainerProvider.swift; sourceTree = "<group>"; };
		F2B3C4D5E6F7A8B9C0D1E2F3 /* ShadowTelemetryView.swift */ = {isa = PBXFileReference; lastKnownFileType = sourcecode.swift; path = ShadowTelemetryView.swift; sourceTree = "<group>"; };
		F7FCB146313BAC73C4D3C608 /* CalloutController.swift */ = {isa = PBXFileReference; lastKnownFileType = sourcecode.swift; name = CalloutController.swift; path = V2/CalloutController.swift; sourceTree = "<group>"; };
		F9F559D4F5BD052FAD0F47B8 /* RemindersView.swift */ = {isa = PBXFileReference; includeInIndex = 1; lastKnownFileType = sourcecode.swift; path = RemindersView.swift; sourceTree = "<group>"; };
		FAF46C9D98AF9FA5A91A9E05 /* PredictiveTextEngineAsync.swift */ = {isa = PBXFileReference; lastKnownFileType = sourcecode.swift; name = PredictiveTextEngineAsync.swift; path = V2/PredictiveTextEngineAsync.swift; sourceTree = "<group>"; };
		FEE8DB50F5227711F0A44F2E /* IntegrationsView.swift */ = {isa = PBXFileReference; includeInIndex = 1; lastKnownFileType = sourcecode.swift; path = IntegrationsView.swift; sourceTree = "<group>"; };
/* End PBXFileReference section */

/* Begin PBXFrameworksBuildPhase section */
		066E69D12BB9831900D971E8 /* Frameworks */ = {
			isa = PBXFrameworksBuildPhase;
			buildActionMask = 2147483647;
			files = (
				06E7E2B72BD30A610058D11E /* AlertToast in Frameworks */,
				066372132BED86E300226EE4 /* Pow in Frameworks */,
			);
			runOnlyForDeploymentPostprocessing = 0;
		};
		066FAF072BB216160086F135 /* Frameworks */ = {
			isa = PBXFrameworksBuildPhase;
			buildActionMask = 2147483647;
			files = (
				066372112BED855C00226EE4 /* Pow in Frameworks */,
				066B83152CA708B300B95904 /* RevenueCat in Frameworks */,
				06D827FE2BBDC7DC00305E18 /* SymbolPicker in Frameworks */,
				066B83172CA708B300B95904 /* RevenueCatUI in Frameworks */,
				066372172BEDC0AC00226EE4 /* CloudKitSyncMonitor in Frameworks */,
				064D8A122BDC1E3200B9B65F /* SwiftUIMasonry in Frameworks */,
				060399962BB8836E00A6E818 /* AlertToast in Frameworks */,
			);
			runOnlyForDeploymentPostprocessing = 0;
		};
/* End PBXFrameworksBuildPhase section */

/* Begin PBXGroup section */
		0630BC0B2C6E64B300E8493B /* ViewModel */ = {
			isa = PBXGroup;
			children = (
				06AE130F2BBB0B61008EAE98 /* SettingsViewModel.swift */,
			);
			path = ViewModel;
			sourceTree = "<group>";
		};
		0630BC0C2C6E64C300E8493B /* Model */ = {
			isa = PBXGroup;
			children = (
				06AE130D2BBB09B5008EAE98 /* SettingsModel.swift */,
			);
			path = Model;
			sourceTree = "<group>";
		};
		0663720C2BED5DD500226EE4 /* Tips */ = {
			isa = PBXGroup;
			children = (
				0663720D2BED5DED00226EE4 /* HomeTips.swift */,
			);
			path = Tips;
			sourceTree = "<group>";
		};
		066E69D52BB9831900D971E8 /* SnipKeyboard */ = {
			isa = PBXGroup;
			children = (
				0662D7AC2BB9DDB900DEC4B9 /* SnipKeyboard.entitlements */,
				066E69D62BB9831900D971E8 /* KeyboardViewController.swift */,
				066E69D82BB9831900D971E8 /* Info.plist */,
				066E69E02BB985CF00D971E8 /* KeyboardView.swift */,
				06AB20012F40B00200C2D001 /* SnippetPreviewOverlay.swift */,
				06AA100F2F30A00100B1C000 /* QWERTY */,
			);
			path = SnipKeyboard;
			sourceTree = "<group>";
		};
		066FAF012BB216160086F135 = {
			isa = PBXGroup;
			children = (
				066E69CC2BB8D11400D971E8 /* Launch Screen.storyboard */,
				066FAF0C2BB216160086F135 /* SnipKey */,
				066E69D52BB9831900D971E8 /* SnipKeyboard */,
				066FAF0B2BB216160086F135 /* Products */,
				06E7E2B52BD30A610058D11E /* Frameworks */,
			);
			sourceTree = "<group>";
		};
		066FAF0B2BB216160086F135 /* Products */ = {
			isa = PBXGroup;
			children = (
				066FAF0A2BB216160086F135 /* SnipKey.app */,
				066E69D42BB9831900D971E8 /* SnipKeyboard.appex */,
			);
			name = Products;
			sourceTree = "<group>";
		};
		066FAF0C2BB216160086F135 /* SnipKey */ = {
			isa = PBXGroup;
			children = (
				06D428E22CA4E56A005A5445 /* Components */,
				0663720C2BED5DD500226EE4 /* Tips */,
				0662D7AB2BB9DD8A00DEC4B9 /* SnipKey.entitlements */,
				06F4F3172BB6275600399C78 /* Info.plist */,
				06F4F2F82BB5F3AF00399C78 /* Helper */,
				06EA76922BB4DEBE00E3E1F0 /* Core */,
				068C77C72BB4C5AA0008D9A1 /* Features */,
				066FAF0D2BB216160086F135 /* SnipKeyApp.swift */,
				06C6FE2B2BB9E00900166AB0 /* SnipKeyDataManager.swift */,
				066FAF132BB216170086F135 /* Assets.xcassets */,
				06F4F2FB2BB6270E00399C78 /* IBMPlexMono-Bold.ttf */,
				06F4F2FF2BB6270E00399C78 /* IBMPlexMono-Medium.ttf */,
				06F4F3042BB6270E00399C78 /* IBMPlexMono-Regular.ttf */,
				06F4F3022BB6270E00399C78 /* IBMPlexMono-SemiBold.ttf */,
				066FAF152BB216170086F135 /* Preview Content */,
				AAFB51DEBD1B8B2B69F29261 /* Shared */,
			);
			path = SnipKey;
			sourceTree = "<group>";
		};
		066FAF152BB216170086F135 /* Preview Content */ = {
			isa = PBXGroup;
			children = (
				066FAF162BB216170086F135 /* Preview Assets.xcassets */,
			);
			path = "Preview Content";
			sourceTree = "<group>";
		};
		068C77C72BB4C5AA0008D9A1 /* Features */ = {
			isa = PBXGroup;
			children = (
				06D428DB2CA4BBFE005A5445 /* Home */,
				06E7E2BB2BD997FC0058D11E /* Subscription */,
				06AE130C2BBB099B008EAE98 /* Settings */,
				06F4F31C2BB71E5E00399C78 /* OnBoarding */,
				068C77C82BB4C5C00008D9A1 /* Snippets */,
				20C125760603D6DD78066AD2 /* Notifications */,
			);
			path = Features;
			sourceTree = "<group>";
		};
		068C77C82BB4C5C00008D9A1 /* Snippets */ = {
			isa = PBXGroup;
			children = (
				068C77C92BB4C5E70008D9A1 /* Views */,
				068C77CA2BB4C5FB0008D9A1 /* SnippetModel.swift */,
				068C77CC2BB4C60C0008D9A1 /* SnippetViewModel.swift */,
			);
			path = Snippets;
			sourceTree = "<group>";
		};
		068C77C92BB4C5E70008D9A1 /* Views */ = {
			isa = PBXGroup;
			children = (
				068C77D02BB4C7620008D9A1 /* SnippetListItem.swift */,
				06EA76902BB4D2FC00E3E1F0 /* SnippetViewDetail.swift */,
				06F4F2F62BB5CFDE00399C78 /* SnippetForm.swift */,
				06F4F3182BB6777E00399C78 /* SnippetListEmpty.swift */,
				06F4F31A2BB67C9600399C78 /* KeyboardStatusView.swift */,
				065B05C12BBF2A0F00C1E3E0 /* ArrowSVG.swift */,
				064D8A132BDC1F0100B9B65F /* SnippetFilesView.swift */,
				06D454522BEE8E4C00D34782 /* TagsView.swift */,
				0630BC0D2C6E747100E8493B /* SnippetContentForm.swift */,
				0630BC0F2C6E89D700E8493B /* SnippetContentViewDisplay.swift */,
				063E4EAD2C757C5B000DAF1F /* EditTagView.swift */,
				0669529A2EBEFD3800CC89BC /* SnippetTagForm.swift */,
			);
			path = Views;
			sourceTree = "<group>";
		};
		06AA100F2F30A00100B1C000 /* QWERTY */ = {
			isa = PBXGroup;
			children = (
				06AA10082F30A00100B1C001 /* KeyboardDimensions.swift */,
				06AA10092F30A00100B1C002 /* QWERTYKeyboardState.swift */,
				06AA100A2F30A00100B1C003 /* KeyboardActions.swift */,
				06AA100B2F30A00100B1C004 /* QWERTYKeyboardLayout.swift */,
				06AA100C2F30A00100B1C005 /* KeyButtonView.swift */,
				06AA100D2F30A00100B1C006 /* KeyRowView.swift */,
				06AA100E2F30A00100B1C007 /* QWERTYKeyboardView.swift */,
				06AA10182F30A00300B1C008 /* KeyPopupView.swift */,
				ADE910AE12DD4415B552E4A2 /* SlashCommandEngine.swift */,
				ADE910AE12DD4415B552E4B3 /* PredictiveTextEngine.swift */,
				B1C2D3E4F5A6B7C8D9E0F1A1 /* BigramEngine.swift */,
				B1C2D3E4F5A6B7C8D9E0F1A2 /* DynamicHitResolver.swift */,
				B1C2D3E4F5A6B7C8D9E0F1A3 /* ProbabilisticTouchContext.swift */,
				EF089EAFB6EA396476658409 /* ModelContainerProvider.swift */,
				FAF46C9D98AF9FA5A91A9E05 /* PredictiveTextEngineAsync.swift */,
				EE452F555419A6F46984CBBC /* AccentMap.swift */,
				F7FCB146313BAC73C4D3C608 /* CalloutController.swift */,
				BD3D5B35F1D244395798B02A /* KeyLayerRenderer.swift */,
				1C830E3C63663CCF65E72BF1 /* KeyboardCalloutView.swift */,
				C38FE722252F18F28A754009 /* KeyboardCommitPipeline.swift */,
				426457EB9F7B0F45CB1E0766 /* KeyboardGestureCoordinator.swift */,
				D18D266147F73D266AED224E /* KeyboardLayoutFactory.swift */,
				7C12EC5363837C2A8630F8D3 /* KeyboardLayoutItem.swift */,
				3248BAFB68906AE381C2A875 /* KeyboardLayoutResolver.swift */,
				80EB0CF160026E9B1BAF2EE5 /* NativeKeyboardV2View.swift */,
				798750497DFA1BA776EFACC9 /* SpaceBarCursorController.swift */,
				85A6CF1A5234FE05C7A7F015 /* SmartTouchResolver.swift */,
				D9F1A2B3C4D5E6F708192A3B /* ProbabilisticHitResolver.swift */,
				E1A2B3C4D5E6F7A8B9C0D1E2 /* TypingTelemetry.swift */,
				A7B8C9D0E1F2A3B4C5D6E7F7 /* TouchOffsetModel.swift */,
				263A76D1D20C5D99E80711F8 /* ReminderParseEngine.swift */,
				C7C362B061B2E4FC3332F901 /* TimerParseEngine.swift */,
			);
			path = QWERTY;
			sourceTree = "<group>";
		};
		06AE130C2BBB099B008EAE98 /* Settings */ = {
			isa = PBXGroup;
			children = (
				0630BC0C2C6E64C300E8493B /* Model */,
				0630BC0B2C6E64B300E8493B /* ViewModel */,
				06AE13142BBB0D97008EAE98 /* Views */,
				FC5059CD7F2E4E4EDCE988EE /* Integrations */,
			);
			path = Settings;
			sourceTree = "<group>";
		};
		06AE13142BBB0D97008EAE98 /* Views */ = {
			isa = PBXGroup;
			children = (
				06AE13112BBB0D16008EAE98 /* SettingsView.swift */,
				F2B3C4D5E6F7A8B9C0D1E2F3 /* ShadowTelemetryView.swift */,
			);
			path = Views;
			sourceTree = "<group>";
		};
		06D428DB2CA4BBFE005A5445 /* Home */ = {
			isa = PBXGroup;
			children = (
				06D428DC2CA4BC04005A5445 /* View */,
			);
			path = Home;
			sourceTree = "<group>";
		};
		06D428DC2CA4BC04005A5445 /* View */ = {
			isa = PBXGroup;
			children = (
				06D428DD2CA4BC10005A5445 /* HomeView.swift */,
				066952882EBE63C100CC89BC /* HomeView2.swift */,
				066952982EBEFAD900CC89BC /* SearchView.swift */,
			);
			path = View;
			sourceTree = "<group>";
		};
		06D428DF2CA4E4FF005A5445 /* Model */ = {
			isa = PBXGroup;
			children = (
				06D428E02CA4E51B005A5445 /* Page.swift */,
			);
			path = Model;
			sourceTree = "<group>";
		};
		06D428E22CA4E56A005A5445 /* Components */ = {
			isa = PBXGroup;
			children = (
				0617D0742F22B90300E6480C /* TagColorIndicator.swift */,
				0617D0712F22B8F200E6480C /* TagColorPicker.swift */,
				06D428E32CA4E580005A5445 /* StaggeredImagesList.swift */,
				06D428E52CA4E5AB005A5445 /* LoopVideoView.swift */,
				06CA67192CA4E81500CAD9E0 /* MorphingSymbolView.swift */,
				06CA671D2CA5B6BF00CAD9E0 /* AboutApp.swift */,
				06CA671F2CA6EFAB00CAD9E0 /* TipDevView.swift */,
			);
			path = Components;
			sourceTree = "<group>";
		};
		06E7E2B52BD30A610058D11E /* Frameworks */ = {
			isa = PBXGroup;
			children = (
			);
			name = Frameworks;
			sourceTree = "<group>";
		};
		06E7E2BB2BD997FC0058D11E /* Subscription */ = {
			isa = PBXGroup;
			children = (
				06E7E2BC2BD998150058D11E /* Views */,
			);
			path = Subscription;
			sourceTree = "<group>";
		};
		06E7E2BC2BD998150058D11E /* Views */ = {
			isa = PBXGroup;
			children = (
				06E7E2BD2BD998390058D11E /* SubscriptionView.swift */,
			);
			path = Views;
			sourceTree = "<group>";
		};
		06EA76922BB4DEBE00E3E1F0 /* Core */ = {
			isa = PBXGroup;
			children = (
				06EA76932BB4DED000E3E1F0 /* Colors.swift */,
				06CC00112233445566778801 /* KeyStyle.swift */,
			);
			path = Core;
			sourceTree = "<group>";
		};
		06F4F2F82BB5F3AF00399C78 /* Helper */ = {
			isa = PBXGroup;
			children = (
				06F4F2F92BB5F3BD00399C78 /* Strings.swift */,
				06F4F3242BB7484000399C78 /* Views.swift */,
				061ED3CD2BC43611006A6E47 /* Biometrics.swift */,
				06E7E2B82BD97FB40058D11E /* Keyboard.swift */,
				0681F1D12C9A172E00459FD3 /* AppIconProvider.swift */,
				066B83102CA707FE00B95904 /* RevenueCatManager.swift */,
			);
			path = Helper;
			sourceTree = "<group>";
		};
		06F4F31C2BB71E5E00399C78 /* OnBoarding */ = {
			isa = PBXGroup;
			children = (
				06D428DF2CA4E4FF005A5445 /* Model */,
				06F4F31D2BB71E7400399C78 /* Views */,
				06F4F3202BB720AF00399C78 /* OnBoardingModel.swift */,
			);
			path = OnBoarding;
			sourceTree = "<group>";
		};
		06F4F31D2BB71E7400399C78 /* Views */ = {
			isa = PBXGroup;
			children = (
				06F4F31E2BB71E8F00399C78 /* WelcomeView.swift */,
				06F4F3222BB7247900399C78 /* BoardingCardView.swift */,
				066E69CE2BB8E45A00D971E8 /* Splashscreen.swift */,
				06C6FE302BBA060B00166AB0 /* KeyboardHelpGuideView.swift */,
				06FC79722BC489D900382400 /* OnBoardingView.swift */,
				06CA671B2CA4E8A800CAD9E0 /* OnboardingStepperView.swift */,
			);
			path = Views;
			sourceTree = "<group>";
		};
		112459B85F2A3E0B1DE8F239 /* Reminders */ = {
			isa = PBXGroup;
			children = (
				0863C40DC54F8B0573428C40 /* ReminderDestination.swift */,
				67EFFD6A3EE38AE91528FF2B /* EventKitReminderService.swift */,
			);
			name = Reminders;
			path = Reminders;
			sourceTree = "<group>";
		};
		13F01CB1874AC706164E3258 /* Notifications */ = {
			isa = PBXGroup;
			children = (
				BB499AC652FABA524AB96360 /* LocalNotificationScheduler.swift */,
			);
			name = Notifications;
			path = Notifications;
			sourceTree = "<group>";
		};
		20C125760603D6DD78066AD2 /* Notifications */ = {
			isa = PBXGroup;
			children = (
				9A617BC51EE90BF0174CD25F /* NotificationPresenter.swift */,
				F9F559D4F5BD052FAD0F47B8 /* RemindersView.swift */,
			);
			name = Notifications;
			path = Notifications;
			sourceTree = "<group>";
		};
		AAFB51DEBD1B8B2B69F29261 /* Shared */ = {
			isa = PBXGroup;
			children = (
				BD5F1A2C3E4D5B6A79880105 /* Clipboard */,
				13F01CB1874AC706164E3258 /* Notifications */,
				112459B85F2A3E0B1DE8F239 /* Reminders */,
			);
			name = Shared;
			path = Shared;
			sourceTree = "<group>";
		};
		BD5F1A2C3E4D5B6A79880105 /* Clipboard */ = {
			isa = PBXGroup;
			children = (
				BD5F1A2C3E4D5B6A79880102 /* SnippetPasteboard.swift */,
			);
			name = Clipboard;
			path = Clipboard;
			sourceTree = "<group>";
		};
		FC5059CD7F2E4E4EDCE988EE /* Integrations */ = {
			isa = PBXGroup;
			children = (
				E79883A265C444A3AA9FC72A /* AppIntegration.swift */,
				FEE8DB50F5227711F0A44F2E /* IntegrationsView.swift */,
				88B761651C894AA3B2981C82 /* RemindersIntegrationView.swift */,
				B3D8E0747E327AD847D6FA30 /* TimerIntegrationView.swift */,
			);
			name = Integrations;
			path = Integrations;
			sourceTree = "<group>";
		};
/* End PBXGroup section */

/* Begin PBXNativeTarget section */
		066E69D32BB9831900D971E8 /* SnipKeyboard */ = {
			isa = PBXNativeTarget;
			buildConfigurationList = 066E69DC2BB9831900D971E8 /* Build configuration list for PBXNativeTarget "SnipKeyboard" */;
			buildPhases = (
				066E69D02BB9831900D971E8 /* Sources */,
				066E69D12BB9831900D971E8 /* Frameworks */,
				066E69D22BB9831900D971E8 /* Resources */,
			);
			buildRules = (
			);
			dependencies = (
			);
			name = SnipKeyboard;
			packageProductDependencies = (
				06E7E2B62BD30A610058D11E /* AlertToast */,
				066372122BED86E300226EE4 /* Pow */,
			);
			productName = SnipKeyboard;
			productReference = 066E69D42BB9831900D971E8 /* SnipKeyboard.appex */;
			productType = "com.apple.product-type.app-extension";
		};
		066FAF092BB216160086F135 /* SnipKey */ = {
			isa = PBXNativeTarget;
			buildConfigurationList = 066FAF302BB216170086F135 /* Build configuration list for PBXNativeTarget "SnipKey" */;
			buildPhases = (
				066FAF062BB216160086F135 /* Sources */,
				066FAF072BB216160086F135 /* Frameworks */,
				066FAF082BB216160086F135 /* Resources */,
				066E69DF2BB9831900D971E8 /* Embed Foundation Extensions */,
			);
			buildRules = (
			);
			dependencies = (
				066E69DA2BB9831900D971E8 /* PBXTargetDependency */,
			);
			name = SnipKey;
			packageProductDependencies = (
				060399952BB8836E00A6E818 /* AlertToast */,
				06D827FD2BBDC7DC00305E18 /* SymbolPicker */,
				064D8A112BDC1E3200B9B65F /* SwiftUIMasonry */,
				066372102BED855C00226EE4 /* Pow */,
				066372162BEDC0AC00226EE4 /* CloudKitSyncMonitor */,
				066B83142CA708B300B95904 /* RevenueCat */,
				066B83162CA708B300B95904 /* RevenueCatUI */,
			);
			productName = SnipKey;
			productReference = 066FAF0A2BB216160086F135 /* SnipKey.app */;
			productType = "com.apple.product-type.application";
		};
/* End PBXNativeTarget section */

/* Begin PBXProject section */
		066FAF022BB216160086F135 /* Project object */ = {
			isa = PBXProject;
			attributes = {
				BuildIndependentTargetsInParallel = 1;
				LastSwiftUpdateCheck = 1530;
				LastUpgradeCheck = 1500;
				TargetAttributes = {
					066E69D32BB9831900D971E8 = {
						CreatedOnToolsVersion = 15.3;
					};
					066FAF092BB216160086F135 = {
						CreatedOnToolsVersion = 15.0.1;
					};
				};
			};
			buildConfigurationList = 066FAF052BB216160086F135 /* Build configuration list for PBXProject "SnipKey" */;
			compatibilityVersion = "Xcode 14.0";
			developmentRegion = en;
			hasScannedForEncodings = 0;
			knownRegions = (
				en,
				Base,
			);
			mainGroup = 066FAF012BB216160086F135;
			packageReferences = (
				060399942BB8836E00A6E818 /* XCRemoteSwiftPackageReference "AlertToast" */,
				06D827FC2BBDC7DC00305E18 /* XCRemoteSwiftPackageReference "SymbolPicker" */,
				064D8A102BDC1E3200B9B65F /* XCRemoteSwiftPackageReference "SwiftUIMasonry" */,
				0663720F2BED855C00226EE4 /* XCRemoteSwiftPackageReference "Pow" */,
				066372152BEDC0AC00226EE4 /* XCRemoteSwiftPackageReference "CloudKitSyncMonitor" */,
				066B83132CA708B300B95904 /* XCRemoteSwiftPackageReference "purchases-ios-spm" */,
			);
			productRefGroup = 066FAF0B2BB216160086F135 /* Products */;
			projectDirPath = "";
			projectRoot = "";
			targets = (
				066FAF092BB216160086F135 /* SnipKey */,
				066E69D32BB9831900D971E8 /* SnipKeyboard */,
			);
		};
/* End PBXProject section */

/* Begin PBXResourcesBuildPhase section */
		066E69D22BB9831900D971E8 /* Resources */ = {
			isa = PBXResourcesBuildPhase;
			buildActionMask = 2147483647;
			files = (
				066E69F52BB9CB7900D971E8 /* IBMPlexMono-Medium.ttf in Resources */,
				066E69F62BB9CB7C00D971E8 /* IBMPlexMono-Regular.ttf in Resources */,
				066E69F72BB9CB7F00D971E8 /* IBMPlexMono-SemiBold.ttf in Resources */,
				066E69F82BB9CB9000D971E8 /* Launch Screen.storyboard in Resources */,
				066E69F42BB9CB7600D971E8 /* IBMPlexMono-Bold.ttf in Resources */,
			);
			runOnlyForDeploymentPostprocessing = 0;
		};
		066FAF082BB216160086F135 /* Resources */ = {
			isa = PBXResourcesBuildPhase;
			buildActionMask = 2147483647;
			files = (
				066FAF172BB216170086F135 /* Preview Assets.xcassets in Resources */,
				06F4F3102BB6270F00399C78 /* IBMPlexMono-SemiBold.ttf in Resources */,
				066FAF142BB216170086F135 /* Assets.xcassets in Resources */,
				06F4F3122BB6270F00399C78 /* IBMPlexMono-Regular.ttf in Resources */,
				06F4F30D2BB6270F00399C78 /* IBMPlexMono-Medium.ttf in Resources */,
				06F4F3092BB6270F00399C78 /* IBMPlexMono-Bold.ttf in Resources */,
				066E69CD2BB8D11400D971E8 /* Launch Screen.storyboard in Resources */,
			);
			runOnlyForDeploymentPostprocessing = 0;
		};
/* End PBXResourcesBuildPhase section */

/* Begin PBXSourcesBuildPhase section */
		066E69D02BB9831900D971E8 /* Sources */ = {
			isa = PBXSourcesBuildPhase;
			buildActionMask = 2147483647;
			files = (
				066E69D72BB9831900D971E8 /* KeyboardViewController.swift in Sources */,
				06E9A0432BDFE3DD00CF09BE /* SnippetViewModel.swift in Sources */,
				06C6FE2F2BB9EEBB00166AB0 /* Colors.swift in Sources */,
				06CC00112233445566778802 /* KeyStyle.swift in Sources */,
				06E7E2BA2BD97FB40058D11E /* Keyboard.swift in Sources */,
				066E69FA2BB9CD9D00D971E8 /* SnippetModel.swift in Sources */,
				061ED3CF2BC44384006A6E47 /* Biometrics.swift in Sources */,
				0617D0762F22B90300E6480C /* TagColorIndicator.swift in Sources */,
				0617D0732F22B8F200E6480C /* TagColorPicker.swift in Sources */,
				066E69E12BB985CF00D971E8 /* KeyboardView.swift in Sources */,
				06AB20022F40B00200C2D002 /* SnippetPreviewOverlay.swift in Sources */,
				06C6FE2D2BB9E00900166AB0 /* SnipKeyDataManager.swift in Sources */,
				06AE13132BBB0D8B008EAE98 /* SettingsModel.swift in Sources */,
				0681F1D32C9A172E00459FD3 /* AppIconProvider.swift in Sources */,
				06C6FE2E2BB9EEAB00166AB0 /* SnippetListItem.swift in Sources */,
				0627678B2BBCDE3000B3993B /* SettingsViewModel.swift in Sources */,
				06AA10012F30A00100B1C001 /* KeyboardDimensions.swift in Sources */,
				06AA10022F30A00100B1C002 /* QWERTYKeyboardState.swift in Sources */,
				06AA10032F30A00100B1C003 /* KeyboardActions.swift in Sources */,
				06AA10042F30A00100B1C004 /* QWERTYKeyboardLayout.swift in Sources */,
				06AA10052F30A00100B1C005 /* KeyButtonView.swift in Sources */,
				06AA10062F30A00100B1C006 /* KeyRowView.swift in Sources */,
				06AA10072F30A00100B1C007 /* QWERTYKeyboardView.swift in Sources */,
				06AA10082F30A00100B1C008 /* KeyPopupView.swift in Sources */,
				4314634F36B04D70854CC02D /* SlashCommandEngine.swift in Sources */,
				4314634F36B04D70854CC03E /* PredictiveTextEngine.swift in Sources */,
				B1C2D3E4F5A6B7C8D9E0F1B1 /* BigramEngine.swift in Sources */,
				B1C2D3E4F5A6B7C8D9E0F1B2 /* DynamicHitResolver.swift in Sources */,
				B1C2D3E4F5A6B7C8D9E0F1B3 /* ProbabilisticTouchContext.swift in Sources */,
				2FFEF0199EB1B3E100CF3396 /* ModelContainerProvider.swift in Sources */,
				BF8B6001DF52F893601D98F0 /* PredictiveTextEngineAsync.swift in Sources */,
				1F37BE6C7F110517BEBB4D46 /* AccentMap.swift in Sources */,
				83E827CBB3A447C9194F1669 /* CalloutController.swift in Sources */,
				EE3A895ADA9EFDA4F1FF82A7 /* KeyLayerRenderer.swift in Sources */,
				1C42A37DBDFADA2C7CAC9C4F /* KeyboardCalloutView.swift in Sources */,
				B34CB5065459AFDE2C23A92F /* KeyboardCommitPipeline.swift in Sources */,
				C6C79CE1B8ACC91139B273DD /* KeyboardGestureCoordinator.swift in Sources */,
				CC72D06329CE5A0FD24F039D /* KeyboardLayoutFactory.swift in Sources */,
				1142CDD55DA16C28B97CBF60 /* KeyboardLayoutItem.swift in Sources */,
				F9781C3BAA457D15529F3AFC /* KeyboardLayoutResolver.swift in Sources */,
				EFE5647EEF13001D16377DCC /* NativeKeyboardV2View.swift in Sources */,
				2442C0CA741CAA2D7A8250C9 /* SpaceBarCursorController.swift in Sources */,
				854327AED4F785FEDFB5F7ED /* SmartTouchResolver.swift in Sources */,
				D9F1A2B3C4D5E6F708192A3C /* ProbabilisticHitResolver.swift in Sources */,
				E1A2B3C4D5E6F7A8B9C0D1E3 /* TypingTelemetry.swift in Sources */,
				A7B8C9D0E1F2A3B4C5D6E7F8 /* TouchOffsetModel.swift in Sources */,
				C2B69DCF6F147603AE4534CC /* LocalNotificationScheduler.swift in Sources */,
				BD5F1A2C3E4D5B6A79880103 /* SnippetPasteboard.swift in Sources */,
				E61BA06D36BBCF27D8463618 /* ReminderParseEngine.swift in Sources */,
				F977E6660EB5E6D9FE1B2F3A /* ReminderDestination.swift in Sources */,
				2EB6784CAE685D2E8A3EB0D8 /* EventKitReminderService.swift in Sources */,
				4357CA1F7209133EF8A7BB31 /* TimerParseEngine.swift in Sources */,
			);
			runOnlyForDeploymentPostprocessing = 0;
		};
		066FAF062BB216160086F135 /* Sources */ = {
			isa = PBXSourcesBuildPhase;
			buildActionMask = 2147483647;
			files = (
				06CA67202CA6EFAB00CAD9E0 /* TipDevView.swift in Sources */,
				068C77CD2BB4C60C0008D9A1 /* SnippetViewModel.swift in Sources */,
				063E4EAE2C757C5B000DAF1F /* EditTagView.swift in Sources */,
				06AE13122BBB0D16008EAE98 /* SettingsView.swift in Sources */,
				F2B3C4D5E6F7A8B9C0D1E2F4 /* ShadowTelemetryView.swift in Sources */,
				06CA671E2CA5B6BF00CAD9E0 /* AboutApp.swift in Sources */,
				06D454532BEE8E4C00D34782 /* TagsView.swift in Sources */,
				06C6FE312BBA060B00166AB0 /* KeyboardHelpGuideView.swift in Sources */,
				06EA76942BB4DED000E3E1F0 /* Colors.swift in Sources */,
				06CC00112233445566778803 /* KeyStyle.swift in Sources */,
				0630BC0E2C6E747100E8493B /* SnippetContentForm.swift in Sources */,
				06CA671C2CA4E8A800CAD9E0 /* OnboardingStepperView.swift in Sources */,
				066952992EBEFAD900CC89BC /* SearchView.swift in Sources */,
				06F4F3192BB6777E00399C78 /* SnippetListEmpty.swift in Sources */,
				06CA671A2CA4E81500CAD9E0 /* MorphingSymbolView.swift in Sources */,
				06E7E2BE2BD998390058D11E /* SubscriptionView.swift in Sources */,
				06D428DE2CA4BC10005A5445 /* HomeView.swift in Sources */,
				06F4F2FA2BB5F3BD00399C78 /* Strings.swift in Sources */,
				0681F1D22C9A172E00459FD3 /* AppIconProvider.swift in Sources */,
				06F4F3252BB7484000399C78 /* Views.swift in Sources */,
				06C6FE2C2BB9E00900166AB0 /* SnipKeyDataManager.swift in Sources */,
				06D428E12CA4E51B005A5445 /* Page.swift in Sources */,
				065B05C22BBF2A0F00C1E3E0 /* ArrowSVG.swift in Sources */,
				066FAF0E2BB216160086F135 /* SnipKeyApp.swift in Sources */,
				06F4F2F72BB5CFDE00399C78 /* SnippetForm.swift in Sources */,
				064D8A142BDC1F0100B9B65F /* SnippetFilesView.swift in Sources */,
				0669529B2EBEFD3800CC89BC /* SnippetTagForm.swift in Sources */,
				06EA76912BB4D2FC00E3E1F0 /* SnippetViewDetail.swift in Sources */,
				0617D0752F22B90300E6480C /* TagColorIndicator.swift in Sources */,
				066E69CF2BB8E45A00D971E8 /* Splashscreen.swift in Sources */,
				06E7E2B92BD97FB40058D11E /* Keyboard.swift in Sources */,
				06F4F3212BB720AF00399C78 /* OnBoardingModel.swift in Sources */,
				06AE130E2BBB09B5008EAE98 /* SettingsModel.swift in Sources */,
				066952892EBE63C100CC89BC /* HomeView2.swift in Sources */,
				06D428E62CA4E5AB005A5445 /* LoopVideoView.swift in Sources */,
				0663720E2BED5DED00226EE4 /* HomeTips.swift in Sources */,
				06F4F31F2BB71E8F00399C78 /* WelcomeView.swift in Sources */,
				068C77CB2BB4C5FB0008D9A1 /* SnippetModel.swift in Sources */,
				06D428E42CA4E580005A5445 /* StaggeredImagesList.swift in Sources */,
				066E69E32BB9896400D971E8 /* KeyboardViewController.swift in Sources */,
				061ED3CE2BC43611006A6E47 /* Biometrics.swift in Sources */,
				068C77D12BB4C7620008D9A1 /* SnippetListItem.swift in Sources */,
				0617D0722F22B8F200E6480C /* TagColorPicker.swift in Sources */,
				066E69E22BB985DD00D971E8 /* KeyboardView.swift in Sources */,
				06AB20032F40B00200C2D003 /* SnippetPreviewOverlay.swift in Sources */,
				06AE13102BBB0B61008EAE98 /* SettingsViewModel.swift in Sources */,
				066B83122CA707FE00B95904 /* RevenueCatManager.swift in Sources */,
				06F4F31B2BB67C9600399C78 /* KeyboardStatusView.swift in Sources */,
				06F4F3232BB7247900399C78 /* BoardingCardView.swift in Sources */,
				0630BC102C6E89D700E8493B /* SnippetContentViewDisplay.swift in Sources */,
				06FC79732BC489D900382400 /* OnBoardingView.swift in Sources */,
				06AA10112F30A00200B1C001 /* KeyboardDimensions.swift in Sources */,
				06AA10122F30A00200B1C002 /* QWERTYKeyboardState.swift in Sources */,
				06AA10132F30A00200B1C003 /* KeyboardActions.swift in Sources */,
				06AA10142F30A00200B1C004 /* QWERTYKeyboardLayout.swift in Sources */,
				06AA10152F30A00200B1C005 /* KeyButtonView.swift in Sources */,
				06AA10162F30A00200B1C006 /* KeyRowView.swift in Sources */,
				06AA10172F30A00200B1C007 /* QWERTYKeyboardView.swift in Sources */,
				06AA10182F30A00300B1C009 /* KeyPopupView.swift in Sources */,
				3A8B76B2949D48589DC82983 /* SlashCommandEngine.swift in Sources */,
				3A8B76B2949D48589DC82A94 /* PredictiveTextEngine.swift in Sources */,
				C2D3E4F5A6B7C8D9E0F1A1B1 /* BigramEngine.swift in Sources */,
				C2D3E4F5A6B7C8D9E0F1A1B2 /* DynamicHitResolver.swift in Sources */,
				C2D3E4F5A6B7C8D9E0F1A1B3 /* ProbabilisticTouchContext.swift in Sources */,
				97D243C545AE5AC733FC26FB /* ModelContainerProvider.swift in Sources */,
				F8A78ACE4CAA56EB63166041 /* PredictiveTextEngineAsync.swift in Sources */,
				E700E7444943F0F8E705293A /* AccentMap.swift in Sources */,
				5F658D6000CB59E3322A6785 /* CalloutController.swift in Sources */,
				E9395E039E047952A59EE0E8 /* KeyLayerRenderer.swift in Sources */,
				1B4D251F0C1290F3471DE222 /* KeyboardCalloutView.swift in Sources */,
				F79D118F6EB6903D1EE2B441 /* KeyboardCommitPipeline.swift in Sources */,
				A6C27CA5DF7742F084A2061B /* KeyboardGestureCoordinator.swift in Sources */,
				5AA259C84646E2C6725970F5 /* KeyboardLayoutFactory.swift in Sources */,
				2DBFAE70D96145748A557295 /* KeyboardLayoutItem.swift in Sources */,
				D4F176DB438B2BCE533956F6 /* KeyboardLayoutResolver.swift in Sources */,
				F3A0883B7A607F9D9FCD5AEE /* NativeKeyboardV2View.swift in Sources */,
				1B89BCF6E55C957D694FFC9F /* SpaceBarCursorController.swift in Sources */,
				C499471BC1178E27BCE65613 /* SmartTouchResolver.swift in Sources */,
				D9F1A2B3C4D5E6F708192A3D /* ProbabilisticHitResolver.swift in Sources */,
				E1A2B3C4D5E6F7A8B9C0D1E4 /* TypingTelemetry.swift in Sources */,
				A7B8C9D0E1F2A3B4C5D6E7F9 /* TouchOffsetModel.swift in Sources */,
				9AD80476CD0C9C51C700F601 /* LocalNotificationScheduler.swift in Sources */,
				BD5F1A2C3E4D5B6A79880104 /* SnippetPasteboard.swift in Sources */,
				B89C0449762FBFE1BC7FB157 /* NotificationPresenter.swift in Sources */,
				EBA12BC3F47C57B75EBA44F4 /* RemindersView.swift in Sources */,
				D0F2F46440C35CB437608B91 /* ReminderParseEngine.swift in Sources */,
				5AA1CF567B54EAE8DFCBAF2F /* ReminderDestination.swift in Sources */,
				07A0543E0902CBF6CCE3B9D7 /* EventKitReminderService.swift in Sources */,
				13187A91ACE382E7BB5417AF /* AppIntegration.swift in Sources */,
				ADA928B4FA9D5DA9CDFACEB3 /* IntegrationsView.swift in Sources */,
				B583A44D6D4DBE7597870131 /* RemindersIntegrationView.swift in Sources */,
				9DFAAFBE4D41F82F980F94A2 /* TimerIntegrationView.swift in Sources */,
				47E09081072FF9E2DEC87BA3 /* TimerParseEngine.swift in Sources */,
			);
			runOnlyForDeploymentPostprocessing = 0;
		};
/* End PBXSourcesBuildPhase section */

/* Begin PBXTargetDependency section */
		066E69DA2BB9831900D971E8 /* PBXTargetDependency */ = {
			isa = PBXTargetDependency;
			target = 066E69D32BB9831900D971E8 /* SnipKeyboard */;
			targetProxy = 066E69D92BB9831900D971E8 /* PBXContainerItemProxy */;
		};
/* End PBXTargetDependency section */

/* Begin XCBuildConfiguration section */
		066E69DD2BB9831900D971E8 /* Debug */ = {
			isa = XCBuildConfiguration;
			buildSettings = {
				CODE_SIGN_ENTITLEMENTS = SnipKeyboard/SnipKeyboard.entitlements;
				CODE_SIGN_STYLE = Automatic;
				CURRENT_PROJECT_VERSION = 1;
				DEVELOPMENT_TEAM = J7K9Z79S5F;
				GENERATE_INFOPLIST_FILE = YES;
				INFOPLIST_FILE = SnipKeyboard/Info.plist;
				INFOPLIST_KEY_CFBundleDisplayName = Shortcuts;
				INFOPLIST_KEY_NSHumanReadableCopyright = "";
				IPHONEOS_DEPLOYMENT_TARGET = 26.0;
				LD_RUNPATH_SEARCH_PATHS = (
					"$(inherited)",
					"@executable_path/Frameworks",
					"@executable_path/../../Frameworks",
				);
				MARKETING_VERSION = 6.2;
				PRODUCT_BUNDLE_IDENTIFIER = com.tues8557.snipkey.personal.SnipKeyboard;
				PRODUCT_NAME = "$(TARGET_NAME)";
				SKIP_INSTALL = YES;
				SWIFT_EMIT_LOC_STRINGS = YES;
				SWIFT_VERSION = 5.0;
				TARGETED_DEVICE_FAMILY = "1,2";
			};
			name = Debug;
		};
		066E69DE2BB9831900D971E8 /* Release */ = {
			isa = XCBuildConfiguration;
			buildSettings = {
				CODE_SIGN_ENTITLEMENTS = SnipKeyboard/SnipKeyboard.entitlements;
				CODE_SIGN_STYLE = Automatic;
				CURRENT_PROJECT_VERSION = 1;
				DEVELOPMENT_TEAM = J7K9Z79S5F;
				GENERATE_INFOPLIST_FILE = YES;
				INFOPLIST_FILE = SnipKeyboard/Info.plist;
				INFOPLIST_KEY_CFBundleDisplayName = Shortcuts;
				INFOPLIST_KEY_NSHumanReadableCopyright = "";
				IPHONEOS_DEPLOYMENT_TARGET = 26.0;
				LD_RUNPATH_SEARCH_PATHS = (
					"$(inherited)",
					"@executable_path/Frameworks",
					"@executable_path/../../Frameworks",
				);
				MARKETING_VERSION = 6.2;
				PRODUCT_BUNDLE_IDENTIFIER = com.tues8557.snipkey.personal.SnipKeyboard;
				PRODUCT_NAME = "$(TARGET_NAME)";
				SKIP_INSTALL = YES;
				SWIFT_EMIT_LOC_STRINGS = YES;
				SWIFT_VERSION = 5.0;
				TARGETED_DEVICE_FAMILY = "1,2";
			};
			name = Release;
		};
		066FAF2E2BB216170086F135 /* Debug */ = {
			isa = XCBuildConfiguration;
			buildSettings = {
				ALWAYS_SEARCH_USER_PATHS = NO;
				ASSETCATALOG_COMPILER_GENERATE_SWIFT_ASSET_SYMBOL_EXTENSIONS = YES;
				CLANG_ANALYZER_NONNULL = YES;
				CLANG_ANALYZER_NUMBER_OBJECT_CONVERSION = YES_AGGRESSIVE;
				CLANG_CXX_LANGUAGE_STANDARD = "gnu++20";
				CLANG_ENABLE_MODULES = YES;
				CLANG_ENABLE_OBJC_ARC = YES;
				CLANG_ENABLE_OBJC_WEAK = YES;
				CLANG_WARN_BLOCK_CAPTURE_AUTORELEASING = YES;
				CLANG_WARN_BOOL_CONVERSION = YES;
				CLANG_WARN_COMMA = YES;
				CLANG_WARN_CONSTANT_CONVERSION = YES;
				CLANG_WARN_DEPRECATED_OBJC_IMPLEMENTATIONS = YES;
				CLANG_WARN_DIRECT_OBJC_ISA_USAGE = YES_ERROR;
				CLANG_WARN_DOCUMENTATION_COMMENTS = YES;
				CLANG_WARN_EMPTY_BODY = YES;
				CLANG_WARN_ENUM_CONVERSION = YES;
				CLANG_WARN_INFINITE_RECURSION = YES;
				CLANG_WARN_INT_CONVERSION = YES;
				CLANG_WARN_NON_LITERAL_NULL_CONVERSION = YES;
				CLANG_WARN_OBJC_IMPLICIT_RETAIN_SELF = YES;
				CLANG_WARN_OBJC_LITERAL_CONVERSION = YES;
				CLANG_WARN_OBJC_ROOT_CLASS = YES_ERROR;
				CLANG_WARN_QUOTED_INCLUDE_IN_FRAMEWORK_HEADER = YES;
				CLANG_WARN_RANGE_LOOP_ANALYSIS = YES;
				CLANG_WARN_STRICT_PROTOTYPES = YES;
				CLANG_WARN_SUSPICIOUS_MOVE = YES;
				CLANG_WARN_UNGUARDED_AVAILABILITY = YES_AGGRESSIVE;
				CLANG_WARN_UNREACHABLE_CODE = YES;
				CLANG_WARN__DUPLICATE_METHOD_MATCH = YES;
				COPY_PHASE_STRIP = NO;
				DEBUG_INFORMATION_FORMAT = dwarf;
				ENABLE_STRICT_OBJC_MSGSEND = YES;
				ENABLE_TESTABILITY = YES;
				ENABLE_USER_SCRIPT_SANDBOXING = YES;
				GCC_C_LANGUAGE_STANDARD = gnu17;
				GCC_DYNAMIC_NO_PIC = NO;
				GCC_NO_COMMON_BLOCKS = YES;
				GCC_OPTIMIZATION_LEVEL = 0;
				GCC_PREPROCESSOR_DEFINITIONS = (
					"DEBUG=1",
					"$(inherited)",
				);
				GCC_WARN_64_TO_32_BIT_CONVERSION = YES;
				GCC_WARN_ABOUT_RETURN_TYPE = YES_ERROR;
				GCC_WARN_UNDECLARED_SELECTOR = YES;
				GCC_WARN_UNINITIALIZED_AUTOS = YES_AGGRESSIVE;
				GCC_WARN_UNUSED_FUNCTION = YES;
				GCC_WARN_UNUSED_VARIABLE = YES;
				IPHONEOS_DEPLOYMENT_TARGET = 17.0;
				LOCALIZATION_PREFERS_STRING_CATALOGS = YES;
				MTL_ENABLE_DEBUG_INFO = INCLUDE_SOURCE;
				MTL_FAST_MATH = YES;
				ONLY_ACTIVE_ARCH = YES;
				SDKROOT = iphoneos;
				SWIFT_ACTIVE_COMPILATION_CONDITIONS = "DEBUG $(inherited)";
				SWIFT_OPTIMIZATION_LEVEL = "-Onone";
			};
			name = Debug;
		};
		066FAF2F2BB216170086F135 /* Release */ = {
			isa = XCBuildConfiguration;
			buildSettings = {
				ALWAYS_SEARCH_USER_PATHS = NO;
				ASSETCATALOG_COMPILER_GENERATE_SWIFT_ASSET_SYMBOL_EXTENSIONS = YES;
				CLANG_ANALYZER_NONNULL = YES;
				CLANG_ANALYZER_NUMBER_OBJECT_CONVERSION = YES_AGGRESSIVE;
				CLANG_CXX_LANGUAGE_STANDARD = "gnu++20";
				CLANG_ENABLE_MODULES = YES;
				CLANG_ENABLE_OBJC_ARC = YES;
				CLANG_ENABLE_OBJC_WEAK = YES;
				CLANG_WARN_BLOCK_CAPTURE_AUTORELEASING = YES;
				CLANG_WARN_BOOL_CONVERSION = YES;
				CLANG_WARN_COMMA = YES;
				CLANG_WARN_CONSTANT_CONVERSION = YES;
				CLANG_WARN_DEPRECATED_OBJC_IMPLEMENTATIONS = YES;
				CLANG_WARN_DIRECT_OBJC_ISA_USAGE = YES_ERROR;
				CLANG_WARN_DOCUMENTATION_COMMENTS = YES;
				CLANG_WARN_EMPTY_BODY = YES;
				CLANG_WARN_ENUM_CONVERSION = YES;
				CLANG_WARN_INFINITE_RECURSION = YES;
				CLANG_WARN_INT_CONVERSION = YES;
				CLANG_WARN_NON_LITERAL_NULL_CONVERSION = YES;
				CLANG_WARN_OBJC_IMPLICIT_RETAIN_SELF = YES;
				CLANG_WARN_OBJC_LITERAL_CONVERSION = YES;
				CLANG_WARN_OBJC_ROOT_CLASS = YES_ERROR;
				CLANG_WARN_QUOTED_INCLUDE_IN_FRAMEWORK_HEADER = YES;
				CLANG_WARN_RANGE_LOOP_ANALYSIS = YES;
				CLANG_WARN_STRICT_PROTOTYPES = YES;
				CLANG_WARN_SUSPICIOUS_MOVE = YES;
				CLANG_WARN_UNGUARDED_AVAILABILITY = YES_AGGRESSIVE;
				CLANG_WARN_UNREACHABLE_CODE = YES;
				CLANG_WARN__DUPLICATE_METHOD_MATCH = YES;
				COPY_PHASE_STRIP = NO;
				DEBUG_INFORMATION_FORMAT = "dwarf-with-dsym";
				ENABLE_NS_ASSERTIONS = NO;
				ENABLE_STRICT_OBJC_MSGSEND = YES;
				ENABLE_USER_SCRIPT_SANDBOXING = YES;
				GCC_C_LANGUAGE_STANDARD = gnu17;
				GCC_NO_COMMON_BLOCKS = YES;
				GCC_WARN_64_TO_32_BIT_CONVERSION = YES;
				GCC_WARN_ABOUT_RETURN_TYPE = YES_ERROR;
				GCC_WARN_UNDECLARED_SELECTOR = YES;
				GCC_WARN_UNINITIALIZED_AUTOS = YES_AGGRESSIVE;
				GCC_WARN_UNUSED_FUNCTION = YES;
				GCC_WARN_UNUSED_VARIABLE = YES;
				IPHONEOS_DEPLOYMENT_TARGET = 17.0;
				LOCALIZATION_PREFERS_STRING_CATALOGS = YES;
				MTL_ENABLE_DEBUG_INFO = NO;
				MTL_FAST_MATH = YES;
				SDKROOT = iphoneos;
				SWIFT_COMPILATION_MODE = wholemodule;
				VALIDATE_PRODUCT = YES;
			};
			name = Release;
		};
		066FAF312BB216170086F135 /* Debug */ = {
			isa = XCBuildConfiguration;
			buildSettings = {
				ALWAYS_EMBED_SWIFT_STANDARD_LIBRARIES = YES;
				ASSETCATALOG_COMPILER_APPICON_NAME = AppIcon;
				ASSETCATALOG_COMPILER_GLOBAL_ACCENT_COLOR_NAME = AccentColor;
				ASSETCATALOG_COMPILER_INCLUDE_ALL_APPICON_ASSETS = NO;
				CODE_SIGN_ENTITLEMENTS = SnipKey/SnipKey.entitlements;
				CODE_SIGN_STYLE = Automatic;
				CURRENT_PROJECT_VERSION = 1;
				DEVELOPMENT_ASSET_PATHS = "\"SnipKey/Preview Content\"";
				DEVELOPMENT_TEAM = J7K9Z79S5F;
				ENABLE_PREVIEWS = YES;
				GENERATE_INFOPLIST_FILE = YES;
				INFOPLIST_FILE = SnipKey/Info.plist;
				INFOPLIST_KEY_CFBundleDisplayName = SnipKey;
				INFOPLIST_KEY_LSApplicationCategoryType = "public.app-category.utilities";
				INFOPLIST_KEY_UIApplicationSceneManifest_Generation = YES;
				INFOPLIST_KEY_UIApplicationSupportsIndirectInputEvents = YES;
				INFOPLIST_KEY_UILaunchStoryboardName = "Launch Screen.storyboard";
				INFOPLIST_KEY_UIStatusBarHidden = YES;
				INFOPLIST_KEY_UISupportedInterfaceOrientations = UIInterfaceOrientationPortrait;
				INFOPLIST_KEY_UISupportedInterfaceOrientations_iPad = "UIInterfaceOrientationLandscapeLeft UIInterfaceOrientationLandscapeRight UIInterfaceOrientationPortrait UIInterfaceOrientationPortraitUpsideDown";
				IPHONEOS_DEPLOYMENT_TARGET = 26.0;
				LD_RUNPATH_SEARCH_PATHS = (
					"$(inherited)",
					"@executable_path/Frameworks",
				);
				MARKETING_VERSION = 6.2;
				PRODUCT_BUNDLE_IDENTIFIER = com.tues8557.snipkey.personal;
				PRODUCT_NAME = "$(TARGET_NAME)";
				SUPPORTED_PLATFORMS = "iphoneos iphonesimulator";
				SUPPORTS_MACCATALYST = NO;
				SUPPORTS_MAC_DESIGNED_FOR_IPHONE_IPAD = NO;
				SUPPORTS_XR_DESIGNED_FOR_IPHONE_IPAD = NO;
				SWIFT_EMIT_LOC_STRINGS = YES;
				SWIFT_VERSION = 5.0;
				TARGETED_DEVICE_FAMILY = "1,2";
			};
			name = Debug;
		};
		066FAF322BB216170086F135 /* Release */ = {
			isa = XCBuildConfiguration;
			buildSettings = {
				ALWAYS_EMBED_SWIFT_STANDARD_LIBRARIES = YES;
				ASSETCATALOG_COMPILER_APPICON_NAME = AppIcon;
				ASSETCATALOG_COMPILER_GLOBAL_ACCENT_COLOR_NAME = AccentColor;
				ASSETCATALOG_COMPILER_INCLUDE_ALL_APPICON_ASSETS = NO;
				CODE_SIGN_ENTITLEMENTS = SnipKey/SnipKey.entitlements;
				CODE_SIGN_STYLE = Automatic;
				CURRENT_PROJECT_VERSION = 1;
				DEVELOPMENT_ASSET_PATHS = "\"SnipKey/Preview Content\"";
				DEVELOPMENT_TEAM = J7K9Z79S5F;
				ENABLE_PREVIEWS = YES;
				GENERATE_INFOPLIST_FILE = YES;
				INFOPLIST_FILE = SnipKey/Info.plist;
				INFOPLIST_KEY_CFBundleDisplayName = SnipKey;
				INFOPLIST_KEY_LSApplicationCategoryType = "public.app-category.utilities";
				INFOPLIST_KEY_UIApplicationSceneManifest_Generation = YES;
				INFOPLIST_KEY_UIApplicationSupportsIndirectInputEvents = YES;
				INFOPLIST_KEY_UILaunchStoryboardName = "Launch Screen.storyboard";
				INFOPLIST_KEY_UIStatusBarHidden = YES;
				INFOPLIST_KEY_UISupportedInterfaceOrientations = UIInterfaceOrientationPortrait;
				INFOPLIST_KEY_UISupportedInterfaceOrientations_iPad = "UIInterfaceOrientationLandscapeLeft UIInterfaceOrientationLandscapeRight UIInterfaceOrientationPortrait UIInterfaceOrientationPortraitUpsideDown";
				IPHONEOS_DEPLOYMENT_TARGET = 26.0;
				LD_RUNPATH_SEARCH_PATHS = (
					"$(inherited)",
					"@executable_path/Frameworks",
				);
				MARKETING_VERSION = 6.2;
				PRODUCT_BUNDLE_IDENTIFIER = com.tues8557.snipkey.personal;
				PRODUCT_NAME = "$(TARGET_NAME)";
				SUPPORTED_PLATFORMS = "iphoneos iphonesimulator";
				SUPPORTS_MACCATALYST = NO;
				SUPPORTS_MAC_DESIGNED_FOR_IPHONE_IPAD = NO;
				SUPPORTS_XR_DESIGNED_FOR_IPHONE_IPAD = NO;
				SWIFT_EMIT_LOC_STRINGS = YES;
				SWIFT_VERSION = 5.0;
				TARGETED_DEVICE_FAMILY = "1,2";
			};
			name = Release;
		};
/* End XCBuildConfiguration section */

/* Begin XCConfigurationList section */
		066E69DC2BB9831900D971E8 /* Build configuration list for PBXNativeTarget "SnipKeyboard" */ = {
			isa = XCConfigurationList;
			buildConfigurations = (
				066E69DD2BB9831900D971E8 /* Debug */,
				066E69DE2BB9831900D971E8 /* Release */,
			);
			defaultConfigurationIsVisible = 0;
			defaultConfigurationName = Release;
		};
		066FAF052BB216160086F135 /* Build configuration list for PBXProject "SnipKey" */ = {
			isa = XCConfigurationList;
			buildConfigurations = (
				066FAF2E2BB216170086F135 /* Debug */,
				066FAF2F2BB216170086F135 /* Release */,
			);
			defaultConfigurationIsVisible = 0;
			defaultConfigurationName = Release;
		};
		066FAF302BB216170086F135 /* Build configuration list for PBXNativeTarget "SnipKey" */ = {
			isa = XCConfigurationList;
			buildConfigurations = (
				066FAF312BB216170086F135 /* Debug */,
				066FAF322BB216170086F135 /* Release */,
			);
			defaultConfigurationIsVisible = 0;
			defaultConfigurationName = Release;
		};
/* End XCConfigurationList section */

/* Begin XCRemoteSwiftPackageReference section */
		060399942BB8836E00A6E818 /* XCRemoteSwiftPackageReference "AlertToast" */ = {
			isa = XCRemoteSwiftPackageReference;
			repositoryURL = "https://github.com/elai950/AlertToast.git";
			requirement = {
				kind = upToNextMajorVersion;
				minimumVersion = 1.3.9;
			};
		};
		064D8A102BDC1E3200B9B65F /* XCRemoteSwiftPackageReference "SwiftUIMasonry" */ = {
			isa = XCRemoteSwiftPackageReference;
			repositoryURL = "https://github.com/ciaranrobrien/SwiftUIMasonry";
			requirement = {
				branch = main;
				kind = branch;
			};
		};
		0663720F2BED855C00226EE4 /* XCRemoteSwiftPackageReference "Pow" */ = {
			isa = XCRemoteSwiftPackageReference;
			repositoryURL = "https://github.com/EmergeTools/Pow";
			requirement = {
				kind = upToNextMajorVersion;
				minimumVersion = 1.0.3;
			};
		};
		066372152BEDC0AC00226EE4 /* XCRemoteSwiftPackageReference "CloudKitSyncMonitor" */ = {
			isa = XCRemoteSwiftPackageReference;
			repositoryURL = "https://github.com/ggruen/CloudKitSyncMonitor";
			requirement = {
				kind = upToNextMajorVersion;
				minimumVersion = 1.2.1;
			};
		};
		066B83132CA708B300B95904 /* XCRemoteSwiftPackageReference "purchases-ios-spm" */ = {
			isa = XCRemoteSwiftPackageReference;
			repositoryURL = "https://github.com/RevenueCat/purchases-ios-spm.git";
			requirement = {
				kind = upToNextMajorVersion;
				minimumVersion = 5.4.0;
			};
		};
		06D827FC2BBDC7DC00305E18 /* XCRemoteSwiftPackageReference "SymbolPicker" */ = {
			isa = XCRemoteSwiftPackageReference;
			repositoryURL = "https://github.com/xnth97/SymbolPicker.git";
			requirement = {
				kind = upToNextMajorVersion;
				minimumVersion = 1.5.2;
			};
		};
/* End XCRemoteSwiftPackageReference section */

/* Begin XCSwiftPackageProductDependency section */
		060399952BB8836E00A6E818 /* AlertToast */ = {
			isa = XCSwiftPackageProductDependency;
			package = 060399942BB8836E00A6E818 /* XCRemoteSwiftPackageReference "AlertToast" */;
			productName = AlertToast;
		};
		064D8A112BDC1E3200B9B65F /* SwiftUIMasonry */ = {
			isa = XCSwiftPackageProductDependency;
			package = 064D8A102BDC1E3200B9B65F /* XCRemoteSwiftPackageReference "SwiftUIMasonry" */;
			productName = SwiftUIMasonry;
		};
		066372102BED855C00226EE4 /* Pow */ = {
			isa = XCSwiftPackageProductDependency;
			package = 0663720F2BED855C00226EE4 /* XCRemoteSwiftPackageReference "Pow" */;
			productName = Pow;
		};
		066372122BED86E300226EE4 /* Pow */ = {
			isa = XCSwiftPackageProductDependency;
			package = 0663720F2BED855C00226EE4 /* XCRemoteSwiftPackageReference "Pow" */;
			productName = Pow;
		};
		066372162BEDC0AC00226EE4 /* CloudKitSyncMonitor */ = {
			isa = XCSwiftPackageProductDependency;
			package = 066372152BEDC0AC00226EE4 /* XCRemoteSwiftPackageReference "CloudKitSyncMonitor" */;
			productName = CloudKitSyncMonitor;
		};
		066B83142CA708B300B95904 /* RevenueCat */ = {
			isa = XCSwiftPackageProductDependency;
			package = 066B83132CA708B300B95904 /* XCRemoteSwiftPackageReference "purchases-ios-spm" */;
			productName = RevenueCat;
		};
		066B83162CA708B300B95904 /* RevenueCatUI */ = {
			isa = XCSwiftPackageProductDependency;
			package = 066B83132CA708B300B95904 /* XCRemoteSwiftPackageReference "purchases-ios-spm" */;
			productName = RevenueCatUI;
		};
		06D827FD2BBDC7DC00305E18 /* SymbolPicker */ = {
			isa = XCSwiftPackageProductDependency;
			package = 06D827FC2BBDC7DC00305E18 /* XCRemoteSwiftPackageReference "SymbolPicker" */;
			productName = SymbolPicker;
		};
		06E7E2B62BD30A610058D11E /* AlertToast */ = {
			isa = XCSwiftPackageProductDependency;
			package = 060399942BB8836E00A6E818 /* XCRemoteSwiftPackageReference "AlertToast" */;
			productName = AlertToast;
		};
/* End XCSwiftPackageProductDependency section */
	};
	rootObject = 066FAF022BB216160086F135 /* Project object */;
}
